<?xml version="1.0" encoding="UTF-8"?>
<Scheme
   LastUpgradeVersion = "1230"
   version = "1.3">
   <BuildAction
      parallelizeBuildables = "YES"
      buildImplicitDependencies = "YES">
      <BuildActionEntries>
         <BuildActionEntry
            buildForTesting = "YES"
            buildForRunning = "YES"
            buildForProfiling = "YES"
            buildForArchiving = "YES"
            buildForAnalyzing = "YES">
            <BuildableReference
               BuildableIdentifier = "primary"
               BlueprintIdentifier = "4AE0109C26D433DD00D5A91B"
               BuildableName = "cdamwldicom"
               BlueprintName = "cdamwldicom"
               ReferencedContainer = "container:converters.xcodeproj">
            </BuildableReference>
         </BuildActionEntry>
      </BuildActionEntries>
   </BuildAction>
   <TestAction
      buildConfiguration = "Debug"
      selectedDebuggerIdentifier = "Xcode.DebuggerFoundation.Debugger.LLDB"
      selectedLauncherIdentifier = "Xcode.DebuggerFoundation.Launcher.LLDB"
      shouldUseLaunchSchemeArgsEnv = "YES">
      <Testables>
      </Testables>
   </TestAction>
   <LaunchAction
      buildConfiguration = "Debug"
      selectedDebuggerIdentifier = "Xcode.DebuggerFoundation.Debugger.LLDB"
      selectedLauncherIdentifier = "Xcode.DebuggerFoundation.Launcher.LLDB"
      launchStyle = "0"
      useCustomWorkingDirectory = "NO"
      ignoresPersistentStateOnLaunch = "NO"
      debugDocumentVersioning = "YES"
      debugServiceExtension = "internal"
      allowLocationSimulation = "YES">
<<<<<<< Updated upstream:3.Ejecutables/converters/converters.xcodeproj/xcshareddata/xcschemes/cdamwldicom.xcscheme
      <BuildableProductRunnable
         runnableDebuggingMode = "0">
         <BuildableReference
            BuildableIdentifier = "primary"
            BlueprintIdentifier = "4AE0109C26D433DD00D5A91B"
            BuildableName = "cdamwldicom"
            BlueprintName = "cdamwldicom"
            ReferencedContainer = "container:converters.xcodeproj">
         </BuildableReference>
      </BuildableProductRunnable>
      <CommandLineArguments>
         <CommandLineArgument
            argument = "/Users/Shared/cdamwldicom/cda2mwl.xsl"
            isEnabled = "YES">
         </CommandLineArgument>
         <CommandLineArgument
            argument = "https://serviciosridi.asse.uy/dcm4chee-arc/qido/DCM4CHEE/instances?Modality=OT&amp;SeriesDescription=solicitud&amp;NumberOfStudyRelatedInstances=1&amp;00080080=asseCQP&amp;StudyDate="
            isEnabled = "YES">
         </CommandLineArgument>
         <CommandLineArgument
            argument = "/Users/Shared/wlmscpfs/aet/DCM4CHEE"
            isEnabled = "YES">
         </CommandLineArgument>
         <CommandLineArgument
            argument = "DCM4CHEE"
=======
      <CommandLineArguments>
         <CommandLineArgument
            argument = "/Volumes/IN/TEST/CLASSIFIED"
            isEnabled = "YES">
         </CommandLineArgument>
         <CommandLineArgument
            argument = "/Volumes/SSD1/IRP"
            isEnabled = "YES">
         </CommandLineArgument>
         <CommandLineArgument
            argument = "/Volumes/IN/TEST/FAILURE"
            isEnabled = "YES">
         </CommandLineArgument>
         <CommandLineArgument
            argument = "/Volumes/IN/TEST/ORIGINAL"
            isEnabled = "YES">
         </CommandLineArgument>
         <CommandLineArgument
            argument = "/Volumes/IN/TEST/SERIESPOSTSCRIPT"
            isEnabled = "YES">
         </CommandLineArgument>
         <CommandLineArgument
            argument = "/Volumes/IN/TEST/NOREGEX"
            isEnabled = "YES">
         </CommandLineArgument>
         <CommandLineArgument
            argument = "/Volumes/IN/TEST/MISMATCH_CDAMWL"
            isEnabled = "YES">
         </CommandLineArgument>
         <CommandLineArgument
            argument = "/Volumes/IN/TEST/MISMATCH_PACS"
            isEnabled = "YES">
         </CommandLineArgument>
         <CommandLineArgument
            argument = "/Users/admin/Downloads/GiitHub/pipedicom/3.Ejecutables/converters/coercedicom/coercedicomIRP.json"
            isEnabled = "YES">
         </CommandLineArgument>
         <CommandLineArgument
            argument = "&quot;&quot;"
            isEnabled = "YES">
         </CommandLineArgument>
         <CommandLineArgument
            argument = "&quot;&quot;"
            isEnabled = "YES">
         </CommandLineArgument>
         <CommandLineArgument
            argument = "240"
            isEnabled = "YES">
         </CommandLineArgument>
         <CommandLineArgument
            argument = "-200"
            isEnabled = "YES">
         </CommandLineArgument>
         <CommandLineArgument
            argument = "0"
>>>>>>> Stashed changes:3.Ejecutables/converters/converters.xcodeproj/xcshareddata/xcschemes/converters.xcscheme
            isEnabled = "YES">
         </CommandLineArgument>
      </CommandLineArguments>
   </LaunchAction>
   <ProfileAction
      buildConfiguration = "Release"
      shouldUseLaunchSchemeArgsEnv = "YES"
      savedToolIdentifier = ""
      useCustomWorkingDirectory = "NO"
      debugDocumentVersioning = "YES">
      <BuildableProductRunnable
         runnableDebuggingMode = "0">
         <BuildableReference
            BuildableIdentifier = "primary"
            BlueprintIdentifier = "4AE0109C26D433DD00D5A91B"
            BuildableName = "cdamwldicom"
            BlueprintName = "cdamwldicom"
            ReferencedContainer = "container:converters.xcodeproj">
         </BuildableReference>
      </BuildableProductRunnable>
   </ProfileAction>
   <AnalyzeAction
      buildConfiguration = "Debug">
   </AnalyzeAction>
   <ArchiveAction
      buildConfiguration = "Release"
      revealArchiveInOrganizer = "YES">
   </ArchiveAction>
</Scheme>
