<?xml version="1.0" encoding="UTF-8"?>
<Scheme
   LastUpgradeVersion = "1230"
   version = "1.3">
   <BuildAction
      parallelizeBuildables = "YES"
      buildImplicitDependencies = "YES">
      <BuildActionEntries>
         <BuildActionEntry
            buildForTesting = "YES"
            buildForRunning = "YES"
            buildForProfiling = "YES"
            buildForArchiving = "YES"
            buildForAnalyzing = "YES">
            <BuildableReference
               BuildableIdentifier = "primary"
               BlueprintIdentifier = "4AD03BDF26973FEE00855F3F"
               BuildableName = "coercedicom"
               BlueprintName = "coercedicom"
               ReferencedContainer = "container:converters.xcodeproj">
            </BuildableReference>
         </BuildActionEntry>
      </BuildActionEntries>
   </BuildAction>
   <TestAction
      buildConfiguration = "Debug"
      selectedDebuggerIdentifier = "Xcode.DebuggerFoundation.Debugger.LLDB"
      selectedLauncherIdentifier = "Xcode.DebuggerFoundation.Launcher.LLDB"
      shouldUseLaunchSchemeArgsEnv = "YES">
      <Testables>
      </Testables>
   </TestAction>
   <LaunchAction
      buildConfiguration = "Debug"
      selectedDebuggerIdentifier = "Xcode.DebuggerFoundation.Debugger.LLDB"
      selectedLauncherIdentifier = "Xcode.DebuggerFoundation.Launcher.LLDB"
      launchStyle = "0"
      useCustomWorkingDirectory = "NO"
      ignoresPersistentStateOnLaunch = "NO"
      debugDocumentVersioning = "YES"
      debugServiceExtension = "internal"
      allowLocationSimulation = "YES">
      <BuildableProductRunnable
         runnableDebuggingMode = "0">
         <BuildableReference
            BuildableIdentifier = "primary"
            BlueprintIdentifier = "4AD03BDF26973FEE00855F3F"
            BuildableName = "coercedicom"
            BlueprintName = "coercedicom"
            ReferencedContainer = "container:converters.xcodeproj">
         </BuildableReference>
      </BuildableProductRunnable>
      <CommandLineArguments>
         <CommandLineArgument
            argument = "/Volumes/IN/TEST/CLASSIFIED"
            isEnabled = "YES">
         </CommandLineArgument>
         <CommandLineArgument
<<<<<<< Updated upstream
            argument = "/Volumes/IN"
=======
            argument = "/Volumes/SSD1/IRP"
>>>>>>> Stashed changes
            isEnabled = "YES">
         </CommandLineArgument>
         <CommandLineArgument
            argument = "/Volumes/IN/TEST/FAILURE"
            isEnabled = "YES">
         </CommandLineArgument>
         <CommandLineArgument
            argument = "/Volumes/IN/TEST/ORIGINAL"
            isEnabled = "YES">
         </CommandLineArgument>
         <CommandLineArgument
<<<<<<< Updated upstream
            argument = "/Volumes/IN/asseMALDONADO/MISMATCH_ALTERNATES"
            isEnabled = "YES">
         </CommandLineArgument>
         <CommandLineArgument
            argument = "/Volumes/IN/RECEIVING_AET/MISMATCH_SOURCE"
=======
            argument = "/Volumes/IN/TEST/SERIESPOSTSCRIPT"
>>>>>>> Stashed changes
            isEnabled = "YES">
         </CommandLineArgument>
         <CommandLineArgument
            argument = "/Volumes/IN/TEST/NOREGEX"
            isEnabled = "YES">
         </CommandLineArgument>
         <CommandLineArgument
            argument = "/Volumes/IN/TEST/MISMATCH_CDAMWL"
            isEnabled = "YES">
         </CommandLineArgument>
         <CommandLineArgument
<<<<<<< Updated upstream
            argument = "/Users/Shared/opendicom/coercedicom/RECEIVING_AET/coercedicom.json"
            isEnabled = "NO">
         </CommandLineArgument>
         <CommandLineArgument
            argument = "/Volumes/GITHUB/pipedicomOpenjpeg/3.Ejecutables/converters/coercedicom/coercedicomIRP.json"
=======
            argument = "/Volumes/IN/TEST/MISMATCH_PACS"
            isEnabled = "YES">
         </CommandLineArgument>
         <CommandLineArgument
            argument = "/Users/admin/Downloads/GiitHub/pipedicom/3.Ejecutables/converters/coercedicom/coercedicomIRP.json"
>>>>>>> Stashed changes
            isEnabled = "YES">
         </CommandLineArgument>
         <CommandLineArgument
            argument = "&quot;&quot;"
            isEnabled = "YES">
         </CommandLineArgument>
         <CommandLineArgument
            argument = "&quot;&quot;"
            isEnabled = "YES">
         </CommandLineArgument>
         <CommandLineArgument
            argument = "240"
            isEnabled = "YES">
         </CommandLineArgument>
         <CommandLineArgument
<<<<<<< Updated upstream
            argument = "10"
            isEnabled = "YES">
         </CommandLineArgument>
         <CommandLineArgument
            argument = "30"
=======
            argument = "-1"
            isEnabled = "YES">
         </CommandLineArgument>
         <CommandLineArgument
            argument = "0"
>>>>>>> Stashed changes
            isEnabled = "YES">
         </CommandLineArgument>
      </CommandLineArguments>
   </LaunchAction>
   <ProfileAction
      buildConfiguration = "Release"
      shouldUseLaunchSchemeArgsEnv = "YES"
      savedToolIdentifier = ""
      useCustomWorkingDirectory = "NO"
      debugDocumentVersioning = "YES">
      <BuildableProductRunnable
         runnableDebuggingMode = "0">
         <BuildableReference
            BuildableIdentifier = "primary"
            BlueprintIdentifier = "4AD03BDF26973FEE00855F3F"
            BuildableName = "coercedicom"
            BlueprintName = "coercedicom"
            ReferencedContainer = "container:converters.xcodeproj">
         </BuildableReference>
      </BuildableProductRunnable>
   </ProfileAction>
   <AnalyzeAction
      buildConfiguration = "Debug">
   </AnalyzeAction>
   <ArchiveAction
      buildConfiguration = "Release"
      revealArchiveInOrganizer = "YES">
   </ArchiveAction>
</Scheme>
