// !$*UTF8*$!
{
	archiveVersion = 1;
	classes = {
	};
	objectVersion = 50;
	objects = {

/* Begin PBXBuildFile section */
		4A42610625A73C6B001E0B52 /* main.m in Sources */ = {isa = PBXBuildFile; fileRef = 4A42610525A73C6B001E0B52 /* main.m */; };
		4A434CAE25B990C800065B64 /* ODLog.m in Sources */ = {isa = PBXBuildFile; fileRef = 4A7B85A025824EAE00E62971 /* ODLog.m */; };
		4A434CB325B990CC00065B64 /* utils.m in Sources */ = {isa = PBXBuildFile; fileRef = 4A7B859F25824EAE00E62971 /* utils.m */; };
		4A7B85DB258BC12800E62971 /* main.m in Sources */ = {isa = PBXBuildFile; fileRef = 4A7B85DA258BC12800E62971 /* main.m */; };
		4A7B85EA258C570500E62971 /* ODLog.m in Sources */ = {isa = PBXBuildFile; fileRef = 4A7B85A025824EAE00E62971 /* ODLog.m */; };
		4A7B85F0258C570900E62971 /* utils.m in Sources */ = {isa = PBXBuildFile; fileRef = 4A7B859F25824EAE00E62971 /* utils.m */; };
		4A7B85FD258CD7A700E62971 /* main.m in Sources */ = {isa = PBXBuildFile; fileRef = 4A7B85FC258CD7A700E62971 /* main.m */; };
		4A7B860E258D475300E62971 /* ODLog.m in Sources */ = {isa = PBXBuildFile; fileRef = 4A7B85A025824EAE00E62971 /* ODLog.m */; };
		4A7B864C258F10C000E62971 /* Hcuartets.m in Sources */ = {isa = PBXBuildFile; fileRef = 4A7B864A258F10C000E62971 /* Hcuartets.m */; };
		4A7B865A258F15AF00E62971 /* Hcuartets.h in Sources */ = {isa = PBXBuildFile; fileRef = 4A7B8653258F111300E62971 /* Hcuartets.h */; };
/* End PBXBuildFile section */

/* Begin PBXCopyFilesBuildPhase section */
		4A42610125A73C6B001E0B52 /* CopyFiles */ = {
			isa = PBXCopyFilesBuildPhase;
			buildActionMask = 2147483647;
			dstPath = /usr/share/man/man1/;
			dstSubfolderSpec = 0;
			files = (
			);
			runOnlyForDeploymentPostprocessing = 1;
		};
		4A7B85D6258BC12800E62971 /* CopyFiles */ = {
			isa = PBXCopyFilesBuildPhase;
			buildActionMask = 2147483647;
			dstPath = /usr/share/man/man1/;
			dstSubfolderSpec = 0;
			files = (
			);
			runOnlyForDeploymentPostprocessing = 1;
		};
		4A7B85F8258CD7A700E62971 /* CopyFiles */ = {
			isa = PBXCopyFilesBuildPhase;
			buildActionMask = 2147483647;
			dstPath = /usr/share/man/man1/;
			dstSubfolderSpec = 0;
			files = (
			);
			runOnlyForDeploymentPostprocessing = 1;
		};
/* End PBXCopyFilesBuildPhase section */

/* Begin PBXFileReference section */
		4A4260F625A66032001E0B52 /* X2M.xsl */ = {isa = PBXFileReference; lastKnownFileType = text.xml; path = X2M.xsl; sourceTree = "<group>"; };
		4A4260F725A66032001E0B52 /* X2I.xsl */ = {isa = PBXFileReference; lastKnownFileType = text.xml; path = X2I.xsl; sourceTree = "<group>"; };
		4A4260F825A66032001E0B52 /* X2K.xsl */ = {isa = PBXFileReference; lastKnownFileType = text.xml; path = X2K.xsl; sourceTree = "<group>"; };
		4A4260FA25A66032001E0B52 /* X.xml */ = {isa = PBXFileReference; lastKnownFileType = text.xml; path = X.xml; sourceTree = "<group>"; };
		4A4260FB25A66032001E0B52 /* X2J.xsl */ = {isa = PBXFileReference; lastKnownFileType = text.xml; path = X2J.xsl; sourceTree = "<group>"; };
		4A4260FC25A66032001E0B52 /* K2X.xsl */ = {isa = PBXFileReference; lastKnownFileType = text.xml; path = K2X.xsl; sourceTree = "<group>"; };
		4A4260FE25A66032001E0B52 /* xmldicom.xsd */ = {isa = PBXFileReference; lastKnownFileType = text.xml; path = xmldicom.xsd; sourceTree = "<group>"; };
		4A42610325A73C6B001E0B52 /* D2M */ = {isa = PBXFileReference; explicitFileType = "compiled.mach-o.executable"; includeInIndex = 0; path = D2M; sourceTree = BUILT_PRODUCTS_DIR; };
		4A42610525A73C6B001E0B52 /* main.m */ = {isa = PBXFileReference; lastKnownFileType = sourcecode.c.objc; path = main.m; sourceTree = "<group>"; };
		4A434CB925B9980400065B64 /* SCSHBRW.dcm */ = {isa = PBXFileReference; lastKnownFileType = file; path = SCSHBRW.dcm; sourceTree = "<group>"; };
		4A434CBA25B9980400065B64 /* SCSRUSS.dcm */ = {isa = PBXFileReference; lastKnownFileType = file; path = SCSRUSS.dcm; sourceTree = "<group>"; };
		4A434CBB25B9980400065B64 /* SCSFREN.dcm */ = {isa = PBXFileReference; lastKnownFileType = file; path = SCSFREN.dcm; sourceTree = "<group>"; };
		4A434CBC25B9980400065B64 /* SCSGREEK.dcm */ = {isa = PBXFileReference; lastKnownFileType = file; path = SCSGREEK.dcm; sourceTree = "<group>"; };
		4A434CBD25B9980400065B64 /* SCSH31.dcm */ = {isa = PBXFileReference; lastKnownFileType = file; path = SCSH31.dcm; sourceTree = "<group>"; };
		4A434CBE25B9980400065B64 /* SCSX1.dcm */ = {isa = PBXFileReference; lastKnownFileType = file; path = SCSX1.dcm; sourceTree = "<group>"; };
		4A434CBF25B9980400065B64 /* SCSGERM.dcm */ = {isa = PBXFileReference; lastKnownFileType = file; path = SCSGERM.dcm; sourceTree = "<group>"; };
		4A434CC025B9980400065B64 /* SCSX2.dcm */ = {isa = PBXFileReference; lastKnownFileType = file; path = SCSX2.dcm; sourceTree = "<group>"; };
		4A434CC125B9980400065B64 /* SCSH32.dcm */ = {isa = PBXFileReference; lastKnownFileType = file; path = SCSH32.dcm; sourceTree = "<group>"; };
		4A434CC225B9980400065B64 /* SCSARAB.dcm */ = {isa = PBXFileReference; lastKnownFileType = file; path = SCSARAB.dcm; sourceTree = "<group>"; };
		4A434CC325B9980400065B64 /* SCSI2.dcm */ = {isa = PBXFileReference; lastKnownFileType = file; path = SCSI2.dcm; sourceTree = "<group>"; };
		4A434CCC25BB445100065B64 /* FluroWithDisplayShutter.dcm */ = {isa = PBXFileReference; lastKnownFileType = file; path = FluroWithDisplayShutter.dcm; sourceTree = "<group>"; };
		4A7B8572258002A100E62971 /* libconverters.dylib */ = {isa = PBXFileReference; explicitFileType = "compiled.mach-o.dylib"; includeInIndex = 0; path = libconverters.dylib; sourceTree = BUILT_PRODUCTS_DIR; };
		4A7B85852580037E00E62971 /* main.m */ = {isa = PBXFileReference; lastKnownFileType = sourcecode.c.objc; path = main.m; sourceTree = "<group>"; };
		4A7B859F25824EAE00E62971 /* utils.m */ = {isa = PBXFileReference; fileEncoding = 4; lastKnownFileType = sourcecode.c.objc; path = utils.m; sourceTree = "<group>"; };
		4A7B85A025824EAE00E62971 /* ODLog.m */ = {isa = PBXFileReference; fileEncoding = 4; lastKnownFileType = sourcecode.c.objc; path = ODLog.m; sourceTree = "<group>"; };
		4A7B85A125824EAE00E62971 /* ODLog.h */ = {isa = PBXFileReference; fileEncoding = 4; lastKnownFileType = sourcecode.c.h; path = ODLog.h; sourceTree = "<group>"; };
		4A7B85A225824EAE00E62971 /* utils.h */ = {isa = PBXFileReference; fileEncoding = 4; lastKnownFileType = sourcecode.c.h; path = utils.h; sourceTree = "<group>"; };
		4A7B85AC2582A4C300E62971 /* dicomattrs.hex */ = {isa = PBXFileReference; lastKnownFileType = text; path = dicomattrs.hex; sourceTree = "<group>"; };
		4A7B85B32582AB4600E62971 /* main.m */ = {isa = PBXFileReference; lastKnownFileType = sourcecode.c.objc; path = main.m; sourceTree = "<group>"; };
		4A7B85BC2583A0E500E62971 /* test.xml.plist */ = {isa = PBXFileReference; lastKnownFileType = file.bplist; path = test.xml.plist; sourceTree = "<group>"; };
		4A7B85C62583A2C800E62971 /* main.m */ = {isa = PBXFileReference; lastKnownFileType = sourcecode.c.objc; path = main.m; sourceTree = "<group>"; };
		4A7B85D8258BC12800E62971 /* H2M */ = {isa = PBXFileReference; explicitFileType = "compiled.mach-o.executable"; includeInIndex = 0; path = H2M; sourceTree = BUILT_PRODUCTS_DIR; };
		4A7B85DA258BC12800E62971 /* main.m */ = {isa = PBXFileReference; lastKnownFileType = sourcecode.c.objc; path = main.m; sourceTree = "<group>"; };
		4A7B85FA258CD7A700E62971 /* M2M */ = {isa = PBXFileReference; explicitFileType = "compiled.mach-o.executable"; includeInIndex = 0; path = M2M; sourceTree = BUILT_PRODUCTS_DIR; };
		4A7B85FC258CD7A700E62971 /* main.m */ = {isa = PBXFileReference; lastKnownFileType = sourcecode.c.objc; path = main.m; sourceTree = "<group>"; };
		4A7B8615258D484500E62971 /* xslt2.xsl */ = {isa = PBXFileReference; lastKnownFileType = text.xml; path = xslt2.xsl; sourceTree = "<group>"; };
		4A7B8616258D484500E62971 /* dataset.xml */ = {isa = PBXFileReference; lastKnownFileType = text.xml; path = dataset.xml; sourceTree = "<group>"; };
		4A7B8617258D484500E62971 /* xslt1.xsl */ = {isa = PBXFileReference; lastKnownFileType = text.xml; path = xslt1.xsl; sourceTree = "<group>"; };
		4A7B864A258F10C000E62971 /* Hcuartets.m */ = {isa = PBXFileReference; lastKnownFileType = sourcecode.c.objc; path = Hcuartets.m; sourceTree = "<group>"; };
		4A7B8653258F111300E62971 /* Hcuartets.h */ = {isa = PBXFileReference; lastKnownFileType = sourcecode.c.h; path = Hcuartets.h; sourceTree = "<group>"; };
		4ABDE91825B1A8FE00C8D33F /* M.xml */ = {isa = PBXFileReference; fileEncoding = 4; lastKnownFileType = text.xml; path = M.xml; sourceTree = "<group>"; };
		4ABDE91B25B1A8FE00C8D33F /* N.xsd */ = {isa = PBXFileReference; fileEncoding = 4; lastKnownFileType = text.xml; path = N.xsd; sourceTree = "<group>"; };
		4ABDE91C25B1A8FE00C8D33F /* N.rng */ = {isa = PBXFileReference; fileEncoding = 4; lastKnownFileType = text.xml; path = N.rng; sourceTree = "<group>"; };
		4ABDE91E25B1A8FE00C8D33F /* M2N.xsl */ = {isa = PBXFileReference; fileEncoding = 4; lastKnownFileType = text.xml; path = M2N.xsl; sourceTree = "<group>"; };
		4ABDE92025B1A8FE00C8D33F /* N2M.xsl */ = {isa = PBXFileReference; fileEncoding = 4; lastKnownFileType = text.xml; path = N2M.xsl; sourceTree = "<group>"; };
		4ABDE92125B1A8FE00C8D33F /* M.xsd */ = {isa = PBXFileReference; fileEncoding = 4; lastKnownFileType = text.xml; path = M.xsd; sourceTree = "<group>"; };
/* End PBXFileReference section */

/* Begin PBXFrameworksBuildPhase section */
		4A42610025A73C6B001E0B52 /* Frameworks */ = {
			isa = PBXFrameworksBuildPhase;
			buildActionMask = 2147483647;
			files = (
			);
			runOnlyForDeploymentPostprocessing = 0;
		};
		4A7B8570258002A100E62971 /* Frameworks */ = {
			isa = PBXFrameworksBuildPhase;
			buildActionMask = 2147483647;
			files = (
			);
			runOnlyForDeploymentPostprocessing = 0;
		};
		4A7B85D5258BC12800E62971 /* Frameworks */ = {
			isa = PBXFrameworksBuildPhase;
			buildActionMask = 2147483647;
			files = (
			);
			runOnlyForDeploymentPostprocessing = 0;
		};
		4A7B85F7258CD7A700E62971 /* Frameworks */ = {
			isa = PBXFrameworksBuildPhase;
			buildActionMask = 2147483647;
			files = (
			);
			runOnlyForDeploymentPostprocessing = 0;
		};
/* End PBXFrameworksBuildPhase section */

/* Begin PBXGroup section */
		4A4260F425A65FA6001E0B52 /* obsolete */ = {
			isa = PBXGroup;
			children = (
				4A7B85842580037E00E62971 /* H2P */,
				4A7B85B22582AB4600E62971 /* P2D */,
				4A7B85C52583A2C800E62971 /* P2P */,
				4A7B85E4258BC16A00E62971 /* P */,
			);
			path = obsolete;
			sourceTree = "<group>";
		};
		4A4260F525A66032001E0B52 /* X(obsolete) */ = {
			isa = PBXGroup;
			children = (
				4A4260F625A66032001E0B52 /* X2M.xsl */,
				4A4260F725A66032001E0B52 /* X2I.xsl */,
				4A4260F825A66032001E0B52 /* X2K.xsl */,
				4A4260FA25A66032001E0B52 /* X.xml */,
				4A4260FB25A66032001E0B52 /* X2J.xsl */,
				4A4260FC25A66032001E0B52 /* K2X.xsl */,
				4A4260FE25A66032001E0B52 /* xmldicom.xsd */,
			);
			path = "X(obsolete)";
			sourceTree = "<group>";
		};
		4A42610425A73C6B001E0B52 /* D2M */ = {
			isa = PBXGroup;
			children = (
				4A42610525A73C6B001E0B52 /* main.m */,
			);
			path = D2M;
			sourceTree = "<group>";
		};
		4A434CB825B996A200065B64 /* D */ = {
			isa = PBXGroup;
			children = (
				4A434CCC25BB445100065B64 /* FluroWithDisplayShutter.dcm */,
				4A434CC225B9980400065B64 /* SCSARAB.dcm */,
				4A434CBB25B9980400065B64 /* SCSFREN.dcm */,
				4A434CBF25B9980400065B64 /* SCSGERM.dcm */,
				4A434CBC25B9980400065B64 /* SCSGREEK.dcm */,
				4A434CBD25B9980400065B64 /* SCSH31.dcm */,
				4A434CC125B9980400065B64 /* SCSH32.dcm */,
				4A434CB925B9980400065B64 /* SCSHBRW.dcm */,
				4A434CC325B9980400065B64 /* SCSI2.dcm */,
				4A434CBA25B9980400065B64 /* SCSRUSS.dcm */,
				4A434CBE25B9980400065B64 /* SCSX1.dcm */,
				4A434CC025B9980400065B64 /* SCSX2.dcm */,
			);
			path = D;
			sourceTree = "<group>";
		};
		4A7B8569258002A100E62971 = {
			isa = PBXGroup;
			children = (
				4A4260F425A65FA6001E0B52 /* obsolete */,
				4A7B8607258D461E00E62971 /* testing */,
				4A7B85A125824EAE00E62971 /* ODLog.h */,
				4A7B85A025824EAE00E62971 /* ODLog.m */,
				4A7B85A225824EAE00E62971 /* utils.h */,
				4A7B859F25824EAE00E62971 /* utils.m */,
				4A7B8653258F111300E62971 /* Hcuartets.h */,
				4A7B864A258F10C000E62971 /* Hcuartets.m */,
				4A4260F525A66032001E0B52 /* X(obsolete) */,
				4ABDE91725B1A8FE00C8D33F /* M */,
				4A7B85D9258BC12800E62971 /* H2M */,
				4A7B85FB258CD7A700E62971 /* M2M */,
				4A42610425A73C6B001E0B52 /* D2M */,
				4A7B8573258002A100E62971 /* Products */,
			);
			sourceTree = "<group>";
		};
		4A7B8573258002A100E62971 /* Products */ = {
			isa = PBXGroup;
			children = (
				4A7B8572258002A100E62971 /* libconverters.dylib */,
				4A7B85D8258BC12800E62971 /* H2M */,
				4A7B85FA258CD7A700E62971 /* M2M */,
				4A42610325A73C6B001E0B52 /* D2M */,
			);
			name = Products;
			sourceTree = "<group>";
		};
		4A7B85842580037E00E62971 /* H2P */ = {
			isa = PBXGroup;
			children = (
				4A7B85852580037E00E62971 /* main.m */,
			);
			path = H2P;
			sourceTree = "<group>";
		};
		4A7B85B22582AB4600E62971 /* P2D */ = {
			isa = PBXGroup;
			children = (
				4A7B85BB2583A0BC00E62971 /* test files */,
				4A7B85B32582AB4600E62971 /* main.m */,
			);
			path = P2D;
			sourceTree = "<group>";
		};
		4A7B85BB2583A0BC00E62971 /* test files */ = {
			isa = PBXGroup;
			children = (
			);
			path = "test files";
			sourceTree = "<group>";
		};
		4A7B85C52583A2C800E62971 /* P2P */ = {
			isa = PBXGroup;
			children = (
				4A7B85C62583A2C800E62971 /* main.m */,
			);
			path = P2P;
			sourceTree = "<group>";
		};
		4A7B85D9258BC12800E62971 /* H2M */ = {
			isa = PBXGroup;
			children = (
				4A7B85DA258BC12800E62971 /* main.m */,
			);
			path = H2M;
			sourceTree = "<group>";
		};
		4A7B85E4258BC16A00E62971 /* P */ = {
			isa = PBXGroup;
			children = (
				4A7B85BC2583A0E500E62971 /* test.xml.plist */,
			);
			path = P;
			sourceTree = "<group>";
		};
		4A7B85FB258CD7A700E62971 /* M2M */ = {
			isa = PBXGroup;
			children = (
				4A7B85FC258CD7A700E62971 /* main.m */,
			);
			path = M2M;
			sourceTree = "<group>";
		};
		4A7B8607258D461E00E62971 /* testing */ = {
			isa = PBXGroup;
			children = (
				4A434CB825B996A200065B64 /* D */,
				4A7B8643258E1F8A00E62971 /* H */,
				4A7B861E258D48DF00E62971 /* X */,
			);
			path = testing;
			sourceTree = "<group>";
		};
		4A7B861E258D48DF00E62971 /* X */ = {
			isa = PBXGroup;
			children = (
				4A7B8616258D484500E62971 /* dataset.xml */,
				4A7B8617258D484500E62971 /* xslt1.xsl */,
				4A7B8615258D484500E62971 /* xslt2.xsl */,
			);
			path = X;
			sourceTree = "<group>";
		};
		4A7B8643258E1F8A00E62971 /* H */ = {
			isa = PBXGroup;
			children = (
				4A7B85AC2582A4C300E62971 /* dicomattrs.hex */,
			);
			path = H;
			sourceTree = "<group>";
		};
		4ABDE91725B1A8FE00C8D33F /* M */ = {
			isa = PBXGroup;
			children = (
				4ABDE91825B1A8FE00C8D33F /* M.xml */,
				4ABDE91B25B1A8FE00C8D33F /* N.xsd */,
				4ABDE91C25B1A8FE00C8D33F /* N.rng */,
				4ABDE91E25B1A8FE00C8D33F /* M2N.xsl */,
				4ABDE92025B1A8FE00C8D33F /* N2M.xsl */,
				4ABDE92125B1A8FE00C8D33F /* M.xsd */,
			);
			path = M;
			sourceTree = "<group>";
		};
/* End PBXGroup section */

/* Begin PBXHeadersBuildPhase section */
		4A7B856E258002A100E62971 /* Headers */ = {
			isa = PBXHeadersBuildPhase;
			buildActionMask = 2147483647;
			files = (
			);
			runOnlyForDeploymentPostprocessing = 0;
		};
/* End PBXHeadersBuildPhase section */

/* Begin PBXNativeTarget section */
		4A42610225A73C6B001E0B52 /* D2M */ = {
			isa = PBXNativeTarget;
			buildConfigurationList = 4A42610725A73C6B001E0B52 /* Build configuration list for PBXNativeTarget "D2M" */;
			buildPhases = (
				4A4260FF25A73C6B001E0B52 /* Sources */,
				4A42610025A73C6B001E0B52 /* Frameworks */,
				4A42610125A73C6B001E0B52 /* CopyFiles */,
			);
			buildRules = (
			);
			dependencies = (
			);
			name = D2M;
			productName = D2X;
			productReference = 4A42610325A73C6B001E0B52 /* D2M */;
			productType = "com.apple.product-type.tool";
		};
		4A7B8571258002A100E62971 /* converters */ = {
			isa = PBXNativeTarget;
			buildConfigurationList = 4A7B857B258002A100E62971 /* Build configuration list for PBXNativeTarget "converters" */;
			buildPhases = (
				4A7B856E258002A100E62971 /* Headers */,
				4A7B856F258002A100E62971 /* Sources */,
				4A7B8570258002A100E62971 /* Frameworks */,
			);
			buildRules = (
			);
			dependencies = (
			);
			name = converters;
			productName = APath;
			productReference = 4A7B8572258002A100E62971 /* libconverters.dylib */;
			productType = "com.apple.product-type.library.dynamic";
		};
		4A7B85D7258BC12800E62971 /* H2M */ = {
			isa = PBXNativeTarget;
			buildConfigurationList = 4A7B85DC258BC12800E62971 /* Build configuration list for PBXNativeTarget "H2M" */;
			buildPhases = (
				4A7B85D4258BC12800E62971 /* Sources */,
				4A7B85D5258BC12800E62971 /* Frameworks */,
				4A7B85D6258BC12800E62971 /* CopyFiles */,
			);
			buildRules = (
			);
			dependencies = (
			);
			name = H2M;
			productName = H2X;
			productReference = 4A7B85D8258BC12800E62971 /* H2M */;
			productType = "com.apple.product-type.tool";
		};
		4A7B85F9258CD7A700E62971 /* M2M */ = {
			isa = PBXNativeTarget;
			buildConfigurationList = 4A7B85FE258CD7A700E62971 /* Build configuration list for PBXNativeTarget "M2M" */;
			buildPhases = (
				4A7B85F6258CD7A700E62971 /* Sources */,
				4A7B85F7258CD7A700E62971 /* Frameworks */,
				4A7B85F8258CD7A700E62971 /* CopyFiles */,
			);
			buildRules = (
			);
			dependencies = (
			);
			name = M2M;
			productName = X2X;
			productReference = 4A7B85FA258CD7A700E62971 /* M2M */;
			productType = "com.apple.product-type.tool";
		};
/* End PBXNativeTarget section */

/* Begin PBXProject section */
		4A7B856A258002A100E62971 /* Project object */ = {
			isa = PBXProject;
			attributes = {
				LastUpgradeCheck = 1220;
				TargetAttributes = {
					4A42610225A73C6B001E0B52 = {
						CreatedOnToolsVersion = 12.3;
					};
					4A7B8571258002A100E62971 = {
						CreatedOnToolsVersion = 12.2;
					};
					4A7B85D7258BC12800E62971 = {
						CreatedOnToolsVersion = 12.2;
					};
					4A7B85F9258CD7A700E62971 = {
						CreatedOnToolsVersion = 12.2;
					};
				};
			};
			buildConfigurationList = 4A7B856D258002A100E62971 /* Build configuration list for PBXProject "converters" */;
			compatibilityVersion = "Xcode 9.3";
			developmentRegion = en;
			hasScannedForEncodings = 0;
			knownRegions = (
				en,
				Base,
			);
			mainGroup = 4A7B8569258002A100E62971;
			productRefGroup = 4A7B8573258002A100E62971 /* Products */;
			projectDirPath = "";
			projectRoot = "";
			targets = (
				4A7B8571258002A100E62971 /* converters */,
				4A7B85D7258BC12800E62971 /* H2M */,
				4A7B85F9258CD7A700E62971 /* M2M */,
				4A42610225A73C6B001E0B52 /* D2M */,
			);
		};
/* End PBXProject section */

/* Begin PBXSourcesBuildPhase section */
		4A4260FF25A73C6B001E0B52 /* Sources */ = {
			isa = PBXSourcesBuildPhase;
			buildActionMask = 2147483647;
			files = (
				4A42610625A73C6B001E0B52 /* main.m in Sources */,
				4A434CAE25B990C800065B64 /* ODLog.m in Sources */,
				4A434CB325B990CC00065B64 /* utils.m in Sources */,
			);
			runOnlyForDeploymentPostprocessing = 0;
		};
		4A7B856F258002A100E62971 /* Sources */ = {
			isa = PBXSourcesBuildPhase;
			buildActionMask = 2147483647;
			files = (
			);
			runOnlyForDeploymentPostprocessing = 0;
		};
		4A7B85D4258BC12800E62971 /* Sources */ = {
			isa = PBXSourcesBuildPhase;
			buildActionMask = 2147483647;
			files = (
				4A7B865A258F15AF00E62971 /* Hcuartets.h in Sources */,
				4A7B85DB258BC12800E62971 /* main.m in Sources */,
				4A7B864C258F10C000E62971 /* Hcuartets.m in Sources */,
				4A7B85EA258C570500E62971 /* ODLog.m in Sources */,
				4A7B85F0258C570900E62971 /* utils.m in Sources */,
			);
			runOnlyForDeploymentPostprocessing = 0;
		};
		4A7B85F6258CD7A700E62971 /* Sources */ = {
			isa = PBXSourcesBuildPhase;
			buildActionMask = 2147483647;
			files = (
				4A7B85FD258CD7A700E62971 /* main.m in Sources */,
				4A7B860E258D475300E62971 /* ODLog.m in Sources */,
			);
			runOnlyForDeploymentPostprocessing = 0;
		};
/* End PBXSourcesBuildPhase section */

/* Begin XCBuildConfiguration section */
		4A42610825A73C6B001E0B52 /* Debug */ = {
			isa = XCBuildConfiguration;
			buildSettings = {
				CODE_SIGN_STYLE = Automatic;
				MACOSX_DEPLOYMENT_TARGET = 10.13;
				PRODUCT_NAME = "$(TARGET_NAME)";
			};
			name = Debug;
		};
		4A42610925A73C6B001E0B52 /* Release */ = {
			isa = XCBuildConfiguration;
			buildSettings = {
				CODE_SIGN_STYLE = Automatic;
				MACOSX_DEPLOYMENT_TARGET = 10.13;
				PRODUCT_NAME = "$(TARGET_NAME)";
			};
			name = Release;
		};
		4A7B8579258002A100E62971 /* Debug */ = {
			isa = XCBuildConfiguration;
			buildSettings = {
				ALWAYS_SEARCH_USER_PATHS = NO;
				CLANG_ANALYZER_NONNULL = YES;
				CLANG_ANALYZER_NUMBER_OBJECT_CONVERSION = YES_AGGRESSIVE;
				CLANG_CXX_LANGUAGE_STANDARD = "gnu++14";
				CLANG_CXX_LIBRARY = "libc++";
				CLANG_ENABLE_MODULES = YES;
				CLANG_ENABLE_OBJC_ARC = YES;
				CLANG_ENABLE_OBJC_WEAK = YES;
				CLANG_WARN_BLOCK_CAPTURE_AUTORELEASING = YES;
				CLANG_WARN_BOOL_CONVERSION = YES;
				CLANG_WARN_COMMA = YES;
				CLANG_WARN_CONSTANT_CONVERSION = YES;
				CLANG_WARN_DEPRECATED_OBJC_IMPLEMENTATIONS = YES;
				CLANG_WARN_DIRECT_OBJC_ISA_USAGE = YES_ERROR;
				CLANG_WARN_DOCUMENTATION_COMMENTS = YES;
				CLANG_WARN_EMPTY_BODY = YES;
				CLANG_WARN_ENUM_CONVERSION = YES;
				CLANG_WARN_INFINITE_RECURSION = YES;
				CLANG_WARN_INT_CONVERSION = YES;
				CLANG_WARN_NON_LITERAL_NULL_CONVERSION = YES;
				CLANG_WARN_OBJC_IMPLICIT_RETAIN_SELF = YES;
				CLANG_WARN_OBJC_LITERAL_CONVERSION = YES;
				CLANG_WARN_OBJC_ROOT_CLASS = YES_ERROR;
				CLANG_WARN_QUOTED_INCLUDE_IN_FRAMEWORK_HEADER = YES;
				CLANG_WARN_RANGE_LOOP_ANALYSIS = YES;
				CLANG_WARN_STRICT_PROTOTYPES = YES;
				CLANG_WARN_SUSPICIOUS_MOVE = YES;
				CLANG_WARN_UNGUARDED_AVAILABILITY = YES_AGGRESSIVE;
				CLANG_WARN_UNREACHABLE_CODE = YES;
				CLANG_WARN__DUPLICATE_METHOD_MATCH = YES;
				COPY_PHASE_STRIP = NO;
				DEBUG_INFORMATION_FORMAT = dwarf;
				ENABLE_STRICT_OBJC_MSGSEND = YES;
				ENABLE_TESTABILITY = YES;
				GCC_C_LANGUAGE_STANDARD = gnu11;
				GCC_DYNAMIC_NO_PIC = NO;
				GCC_NO_COMMON_BLOCKS = YES;
				GCC_OPTIMIZATION_LEVEL = 0;
				GCC_PREPROCESSOR_DEFINITIONS = (
					"DEBUG=1",
					"$(inherited)",
				);
				GCC_WARN_64_TO_32_BIT_CONVERSION = YES;
				GCC_WARN_ABOUT_RETURN_TYPE = YES_ERROR;
				GCC_WARN_UNDECLARED_SELECTOR = YES;
				GCC_WARN_UNINITIALIZED_AUTOS = YES_AGGRESSIVE;
				GCC_WARN_UNUSED_FUNCTION = YES;
				GCC_WARN_UNUSED_VARIABLE = YES;
				MACOSX_DEPLOYMENT_TARGET = 10.13;
				MTL_ENABLE_DEBUG_INFO = INCLUDE_SOURCE;
				MTL_FAST_MATH = YES;
				ONLY_ACTIVE_ARCH = YES;
				SDKROOT = macosx;
			};
			name = Debug;
		};
		4A7B857A258002A100E62971 /* Release */ = {
			isa = XCBuildConfiguration;
			buildSettings = {
				ALWAYS_SEARCH_USER_PATHS = NO;
				CLANG_ANALYZER_NONNULL = YES;
				CLANG_ANALYZER_NUMBER_OBJECT_CONVERSION = YES_AGGRESSIVE;
				CLANG_CXX_LANGUAGE_STANDARD = "gnu++14";
				CLANG_CXX_LIBRARY = "libc++";
				CLANG_ENABLE_MODULES = YES;
				CLANG_ENABLE_OBJC_ARC = YES;
				CLANG_ENABLE_OBJC_WEAK = YES;
				CLANG_WARN_BLOCK_CAPTURE_AUTORELEASING = YES;
				CLANG_WARN_BOOL_CONVERSION = YES;
				CLANG_WARN_COMMA = YES;
				CLANG_WARN_CONSTANT_CONVERSION = YES;
				CLANG_WARN_DEPRECATED_OBJC_IMPLEMENTATIONS = YES;
				CLANG_WARN_DIRECT_OBJC_ISA_USAGE = YES_ERROR;
				CLANG_WARN_DOCUMENTATION_COMMENTS = YES;
				CLANG_WARN_EMPTY_BODY = YES;
				CLANG_WARN_ENUM_CONVERSION = YES;
				CLANG_WARN_INFINITE_RECURSION = YES;
				CLANG_WARN_INT_CONVERSION = YES;
				CLANG_WARN_NON_LITERAL_NULL_CONVERSION = YES;
				CLANG_WARN_OBJC_IMPLICIT_RETAIN_SELF = YES;
				CLANG_WARN_OBJC_LITERAL_CONVERSION = YES;
				CLANG_WARN_OBJC_ROOT_CLASS = YES_ERROR;
				CLANG_WARN_QUOTED_INCLUDE_IN_FRAMEWORK_HEADER = YES;
				CLANG_WARN_RANGE_LOOP_ANALYSIS = YES;
				CLANG_WARN_STRICT_PROTOTYPES = YES;
				CLANG_WARN_SUSPICIOUS_MOVE = YES;
				CLANG_WARN_UNGUARDED_AVAILABILITY = YES_AGGRESSIVE;
				CLANG_WARN_UNREACHABLE_CODE = YES;
				CLANG_WARN__DUPLICATE_METHOD_MATCH = YES;
				COPY_PHASE_STRIP = NO;
				DEBUG_INFORMATION_FORMAT = "dwarf-with-dsym";
				ENABLE_NS_ASSERTIONS = NO;
				ENABLE_STRICT_OBJC_MSGSEND = YES;
				GCC_C_LANGUAGE_STANDARD = gnu11;
				GCC_NO_COMMON_BLOCKS = YES;
				GCC_WARN_64_TO_32_BIT_CONVERSION = YES;
				GCC_WARN_ABOUT_RETURN_TYPE = YES_ERROR;
				GCC_WARN_UNDECLARED_SELECTOR = YES;
				GCC_WARN_UNINITIALIZED_AUTOS = YES_AGGRESSIVE;
				GCC_WARN_UNUSED_FUNCTION = YES;
				GCC_WARN_UNUSED_VARIABLE = YES;
				MACOSX_DEPLOYMENT_TARGET = 10.13;
				MTL_ENABLE_DEBUG_INFO = NO;
				MTL_FAST_MATH = YES;
				SDKROOT = macosx;
			};
			name = Release;
		};
		4A7B857C258002A100E62971 /* Debug */ = {
			isa = XCBuildConfiguration;
			buildSettings = {
				CODE_SIGN_STYLE = Automatic;
				DYLIB_COMPATIBILITY_VERSION = 1;
				DYLIB_CURRENT_VERSION = 1;
				EXECUTABLE_PREFIX = lib;
				PRODUCT_NAME = "$(TARGET_NAME)";
				SKIP_INSTALL = YES;
			};
			name = Debug;
		};
		4A7B857D258002A100E62971 /* Release */ = {
			isa = XCBuildConfiguration;
			buildSettings = {
				CODE_SIGN_STYLE = Automatic;
				DYLIB_COMPATIBILITY_VERSION = 1;
				DYLIB_CURRENT_VERSION = 1;
				EXECUTABLE_PREFIX = lib;
				PRODUCT_NAME = "$(TARGET_NAME)";
				SKIP_INSTALL = YES;
			};
			name = Release;
		};
		4A7B85DD258BC12800E62971 /* Debug */ = {
			isa = XCBuildConfiguration;
			buildSettings = {
				CODE_SIGN_STYLE = Automatic;
				MACOSX_DEPLOYMENT_TARGET = 10.13;
				PRODUCT_NAME = "$(TARGET_NAME)";
			};
			name = Debug;
		};
		4A7B85DE258BC12800E62971 /* Release */ = {
			isa = XCBuildConfiguration;
			buildSettings = {
				CODE_SIGN_STYLE = Automatic;
				MACOSX_DEPLOYMENT_TARGET = 10.13;
				PRODUCT_NAME = "$(TARGET_NAME)";
			};
			name = Release;
		};
		4A7B85FF258CD7A700E62971 /* Debug */ = {
			isa = XCBuildConfiguration;
			buildSettings = {
				CODE_SIGN_STYLE = Automatic;
				MACOSX_DEPLOYMENT_TARGET = 10.15;
				PRODUCT_NAME = "$(TARGET_NAME)";
			};
			name = Debug;
		};
		4A7B8600258CD7A700E62971 /* Release */ = {
			isa = XCBuildConfiguration;
			buildSettings = {
				CODE_SIGN_STYLE = Automatic;
				MACOSX_DEPLOYMENT_TARGET = 10.15;
				PRODUCT_NAME = "$(TARGET_NAME)";
			};
			name = Release;
		};
/* End XCBuildConfiguration section */

/* Begin XCConfigurationList section */
		4A42610725A73C6B001E0B52 /* Build configuration list for PBXNativeTarget "D2M" */ = {
			isa = XCConfigurationList;
			buildConfigurations = (
				4A42610825A73C6B001E0B52 /* Debug */,
				4A42610925A73C6B001E0B52 /* Release */,
			);
			defaultConfigurationIsVisible = 0;
			defaultConfigurationName = Release;
		};
		4A7B856D258002A100E62971 /* Build configuration list for PBXProject "converters" */ = {
			isa = XCConfigurationList;
			buildConfigurations = (
				4A7B8579258002A100E62971 /* Debug */,
				4A7B857A258002A100E62971 /* Release */,
			);
			defaultConfigurationIsVisible = 0;
			defaultConfigurationName = Release;
		};
		4A7B857B258002A100E62971 /* Build configuration list for PBXNativeTarget "converters" */ = {
			isa = XCConfigurationList;
			buildConfigurations = (
				4A7B857C258002A100E62971 /* Debug */,
				4A7B857D258002A100E62971 /* Release */,
			);
			defaultConfigurationIsVisible = 0;
			defaultConfigurationName = Release;
		};
		4A7B85DC258BC12800E62971 /* Build configuration list for PBXNativeTarget "H2M" */ = {
			isa = XCConfigurationList;
			buildConfigurations = (
				4A7B85DD258BC12800E62971 /* Debug */,
				4A7B85DE258BC12800E62971 /* Release */,
			);
			defaultConfigurationIsVisible = 0;
			defaultConfigurationName = Release;
		};
		4A7B85FE258CD7A700E62971 /* Build configuration list for PBXNativeTarget "M2M" */ = {
			isa = XCConfigurationList;
			buildConfigurations = (
				4A7B85FF258CD7A700E62971 /* Debug */,
				4A7B8600258CD7A700E62971 /* Release */,
			);
			defaultConfigurationIsVisible = 0;
			defaultConfigurationName = Release;
		};
/* End XCConfigurationList section */
	};
	rootObject = 4A7B856A258002A100E62971 /* Project object */;
}
