// !$*UTF8*$!
{
	archiveVersion = 1;
	classes = {
	};
	objectVersion = 50;
	objects = {

/* Begin PBXBuildFile section */
		0718621625F65AF000802276 /* DCKV.framework in Frameworks */ = {isa = PBXBuildFile; fileRef = 4A025F3B25E5C455005AA1A3 /* DCKV.framework */; };
		0718621925F6826800802276 /* FluroWithDisplayShutter.json in Resources */ = {isa = PBXBuildFile; fileRef = 0718621725F6825F00802276 /* FluroWithDisplayShutter.json */; };
		0718621A25F6826B00802276 /* SCSARAB.json in Resources */ = {isa = PBXBuildFile; fileRef = 0718621825F6825F00802276 /* SCSARAB.json */; };
		0718621C25F684AC00802276 /* SCSFREN.json in Resources */ = {isa = PBXBuildFile; fileRef = 0718621B25F6849900802276 /* SCSFREN.json */; };
		4A025E6825E43D0D005AA1A3 /* main.m in Sources */ = {isa = PBXBuildFile; fileRef = 4A025E6725E43D0D005AA1A3 /* main.m */; };
		4A025F3F25E5C455005AA1A3 /* DCKV.h in Headers */ = {isa = PBXBuildFile; fileRef = 4A025F3D25E5C455005AA1A3 /* DCKV.h */; settings = {ATTRIBUTES = (Public, ); }; };
		4A025F5C25E60BBA005AA1A3 /* DCMcharset.h in Headers */ = {isa = PBXBuildFile; fileRef = 4A025E5E25E418E5005AA1A3 /* DCMcharset.h */; settings = {ATTRIBUTES = (Public, ); }; };
		4A025F6325E60BE0005AA1A3 /* ODLog.h in Headers */ = {isa = PBXBuildFile; fileRef = 4A7B85A125824EAE00E62971 /* ODLog.h */; settings = {ATTRIBUTES = (Public, ); }; };
		4A025F6425E60BE0005AA1A3 /* utils.h in Headers */ = {isa = PBXBuildFile; fileRef = 4A7B85A225824EAE00E62971 /* utils.h */; settings = {ATTRIBUTES = (Public, ); }; };
		4A025F6525E60BE0005AA1A3 /* D2xml.h in Headers */ = {isa = PBXBuildFile; fileRef = 4A025EBC25E5A1DE005AA1A3 /* D2xml.h */; settings = {ATTRIBUTES = (Public, ); }; };
		4A025F6625E60BE0005AA1A3 /* D2dict.h in Headers */ = {isa = PBXBuildFile; fileRef = 4A025EAF25E5944E005AA1A3 /* D2dict.h */; settings = {ATTRIBUTES = (Public, ); }; };
		4A025F6725E60BE0005AA1A3 /* dict2D.h in Headers */ = {isa = PBXBuildFile; fileRef = 4ABE45AB25C87F610072B84E /* dict2D.h */; settings = {ATTRIBUTES = (Public, ); }; };
		4A025F8625E60CCA005AA1A3 /* DCMcharset.m in Sources */ = {isa = PBXBuildFile; fileRef = 4ABF584125CECD4700EB725E /* DCMcharset.m */; };
		4A025F8725E60CCA005AA1A3 /* ODLog.m in Sources */ = {isa = PBXBuildFile; fileRef = 4A7B85A025824EAE00E62971 /* ODLog.m */; };
		4A025F8825E60CCA005AA1A3 /* utils.m in Sources */ = {isa = PBXBuildFile; fileRef = 4A7B859F25824EAE00E62971 /* utils.m */; };
		4A025F8925E60CCA005AA1A3 /* D2xml.m in Sources */ = {isa = PBXBuildFile; fileRef = 4A025EBD25E5A21B005AA1A3 /* D2xml.m */; };
		4A025F8A25E60CCA005AA1A3 /* D2dict.m in Sources */ = {isa = PBXBuildFile; fileRef = 4A025EA625E593E0005AA1A3 /* D2dict.m */; };
		4A025F8B25E60CCA005AA1A3 /* dict2D.m in Sources */ = {isa = PBXBuildFile; fileRef = 4ABE45AC25C87F610072B84E /* dict2D.m */; };
		4A025FC425E625ED005AA1A3 /* NSData+DCMmarkers.m in Sources */ = {isa = PBXBuildFile; fileRef = 4A025FA925E61B97005AA1A3 /* NSData+DCMmarkers.m */; };
		4A02600325E6290A005AA1A3 /* DCKV.framework in Frameworks */ = {isa = PBXBuildFile; fileRef = 4A025F3B25E5C455005AA1A3 /* DCKV.framework */; };
		4A02602725E6778F005AA1A3 /* main.m in Sources */ = {isa = PBXBuildFile; fileRef = 4A02602625E6778F005AA1A3 /* main.m */; };
		4A42610625A73C6B001E0B52 /* main.m in Sources */ = {isa = PBXBuildFile; fileRef = 4A42610525A73C6B001E0B52 /* main.m */; };
		4A44191225E866110091495B /* DCKV.framework in Frameworks */ = {isa = PBXBuildFile; fileRef = 4A025F3B25E5C455005AA1A3 /* DCKV.framework */; };
		4A44192A25EC4A490091495B /* B64.m in Sources */ = {isa = PBXBuildFile; fileRef = 4A44192825EC4A490091495B /* B64.m */; };
		4A44192B25EC4A490091495B /* B64.h in Headers */ = {isa = PBXBuildFile; fileRef = 4A44192925EC4A490091495B /* B64.h */; settings = {ATTRIBUTES = (Public, ); }; };
		4A5CC0442639D341003070E7 /* FluroWithDisplayShutterj2k.json in Resources */ = {isa = PBXBuildFile; fileRef = 4A5CC03B2639D057003070E7 /* FluroWithDisplayShutterj2k.json */; };
		4A5CC04B2639D349003070E7 /* FluroWithDisplayShutterj2kinline.json in Resources */ = {isa = PBXBuildFile; fileRef = 4A5CC03D2639D057003070E7 /* FluroWithDisplayShutterj2kinline.json */; };
		4A5CC0522639D353003070E7 /* FluroWithDisplayShutterj2ksource.json in Resources */ = {isa = PBXBuildFile; fileRef = 4A5CC03C2639D057003070E7 /* FluroWithDisplayShutterj2ksource.json */; };
		4A5CC0592639D3E7003070E7 /* 00000001_7FE00010-OB#00000001.j2k in Resources */ = {isa = PBXBuildFile; fileRef = 4A5CC03A2639D057003070E7 /* 00000001_7FE00010-OB#00000001.j2k */; };
		4A7B85DB258BC12800E62971 /* main.m in Sources */ = {isa = PBXBuildFile; fileRef = 4A7B85DA258BC12800E62971 /* main.m */; };
		4A95E3CE26063E9800224363 /* dckRangeVecs.h in Headers */ = {isa = PBXBuildFile; fileRef = 4A95E3CC26063E9800224363 /* dckRangeVecs.h */; settings = {ATTRIBUTES = (Public, ); }; };
		4A95E3CF26063E9800224363 /* dckRangeVecs.m in Sources */ = {isa = PBXBuildFile; fileRef = 4A95E3CD26063E9800224363 /* dckRangeVecs.m */; };
		4AAE862D25C0253500117D26 /* main.m in Sources */ = {isa = PBXBuildFile; fileRef = 4AAE862C25C0253500117D26 /* main.m */; };
		4AC7BE5A26694A2700C14265 /* NSData+MD5.h in Headers */ = {isa = PBXBuildFile; fileRef = 4AC7BE5826694A2700C14265 /* NSData+MD5.h */; };
		4AC7BE5B26694A2700C14265 /* NSData+MD5.m in Sources */ = {isa = PBXBuildFile; fileRef = 4AC7BE5926694A2700C14265 /* NSData+MD5.m */; };
		4AC7BE63266A724A00C14265 /* DCKV.md in Resources */ = {isa = PBXBuildFile; fileRef = 4AC7BE62266A724A00C14265 /* DCKV.md */; };
		4AD8616C265EEECE002E4D3A /* MR1.ele.dcm in Resources */ = {isa = PBXBuildFile; fileRef = 4AD86123265EEECC002E4D3A /* MR1.ele.dcm */; };
		4AD8616D265EEECE002E4D3A /* MG1.j2kr.dcm in Resources */ = {isa = PBXBuildFile; fileRef = 4AD86124265EEECC002E4D3A /* MG1.j2kr.dcm */; };
		4AD8616E265EEECE002E4D3A /* MR2.j2ki.dcm in Resources */ = {isa = PBXBuildFile; fileRef = 4AD86125265EEECC002E4D3A /* MR2.j2ki.dcm */; };
		4AD8616F265EEECE002E4D3A /* VL1.j2ki.dcm in Resources */ = {isa = PBXBuildFile; fileRef = 4AD86126265EEECC002E4D3A /* VL1.j2ki.dcm */; };
		4AD86170265EEECE002E4D3A /* SC2.x1.ele.dcm in Resources */ = {isa = PBXBuildFile; fileRef = 4AD86127265EEECC002E4D3A /* SC2.x1.ele.dcm */; };
		4AD86171265EEECE002E4D3A /* SC2.l2.ele.dcm in Resources */ = {isa = PBXBuildFile; fileRef = 4AD86128265EEECC002E4D3A /* SC2.l2.ele.dcm */; };
		4AD86172265EEECE002E4D3A /* VL6.ele.dcm in Resources */ = {isa = PBXBuildFile; fileRef = 4AD86129265EEECC002E4D3A /* VL6.ele.dcm */; };
		4AD86173265EEECE002E4D3A /* MR3.ele.dcm in Resources */ = {isa = PBXBuildFile; fileRef = 4AD8612A265EEECC002E4D3A /* MR3.ele.dcm */; };
		4AD86174265EEECE002E4D3A /* RG3.j2kr.dcm in Resources */ = {isa = PBXBuildFile; fileRef = 4AD8612B265EEECC002E4D3A /* RG3.j2kr.dcm */; };
		4AD86175265EEECE002E4D3A /* US1.j2kr.dcm in Resources */ = {isa = PBXBuildFile; fileRef = 4AD8612C265EEECC002E4D3A /* US1.j2kr.dcm */; };
		4AD86176265EEECE002E4D3A /* MR1.j2ki.dcm in Resources */ = {isa = PBXBuildFile; fileRef = 4AD8612D265EEECC002E4D3A /* MR1.j2ki.dcm */; };
		4AD86177265EEECE002E4D3A /* CT1.j2kr.dcm in Resources */ = {isa = PBXBuildFile; fileRef = 4AD8612E265EEECC002E4D3A /* CT1.j2kr.dcm */; };
		4AD86178265EEECE002E4D3A /* VL6.j2kr.dcm in Resources */ = {isa = PBXBuildFile; fileRef = 4AD8612F265EEECC002E4D3A /* VL6.j2kr.dcm */; };
		4AD86179265EEECE002E4D3A /* VL2.ele.dcm in Resources */ = {isa = PBXBuildFile; fileRef = 4AD86130265EEECC002E4D3A /* VL2.ele.dcm */; };
		4AD8617A265EEECE002E4D3A /* RG1.j2ki.dcm in Resources */ = {isa = PBXBuildFile; fileRef = 4AD86131265EEECC002E4D3A /* RG1.j2ki.dcm */; };
		4AD8617B265EEECE002E4D3A /* CT2.j2ki.dcm in Resources */ = {isa = PBXBuildFile; fileRef = 4AD86132265EEECC002E4D3A /* CT2.j2ki.dcm */; };
		4AD8617C265EEECE002E4D3A /* MG1.j2ki.dcm in Resources */ = {isa = PBXBuildFile; fileRef = 4AD86133265EEECC002E4D3A /* MG1.j2ki.dcm */; };
		4AD8617D265EEECE002E4D3A /* SC2.hebrew.ele.dcm in Resources */ = {isa = PBXBuildFile; fileRef = 4AD86134265EEECC002E4D3A /* SC2.hebrew.ele.dcm */; };
		4AD8617E265EEECE002E4D3A /* SC1.j2kr.dcm in Resources */ = {isa = PBXBuildFile; fileRef = 4AD86135265EEECC002E4D3A /* SC1.j2kr.dcm */; };
		4AD8617F265EEECE002E4D3A /* SC2.arabic.ele.dcm in Resources */ = {isa = PBXBuildFile; fileRef = 4AD86136265EEECC002E4D3A /* SC2.arabic.ele.dcm */; };
		4AD86180265EEECE002E4D3A /* RG3.j2ki.dcm in Resources */ = {isa = PBXBuildFile; fileRef = 4AD86137265EEECC002E4D3A /* RG3.j2ki.dcm */; };
		4AD86181265EEECE002E4D3A /* RG1.ele.dcm in Resources */ = {isa = PBXBuildFile; fileRef = 4AD86138265EEECC002E4D3A /* RG1.ele.dcm */; };
		4AD86182265EEECE002E4D3A /* CT1.ele.dcm in Resources */ = {isa = PBXBuildFile; fileRef = 4AD86139265EEECC002E4D3A /* CT1.ele.dcm */; };
		4AD86183265EEECE002E4D3A /* MR4.ele.dcm in Resources */ = {isa = PBXBuildFile; fileRef = 4AD8613A265EEECC002E4D3A /* MR4.ele.dcm */; };
		4AD86184265EEECE002E4D3A /* CT2.j2kr.dcm in Resources */ = {isa = PBXBuildFile; fileRef = 4AD8613B265EEECC002E4D3A /* CT2.j2kr.dcm */; };
		4AD86185265EEECE002E4D3A /* SC2.h32.ele.dcm in Resources */ = {isa = PBXBuildFile; fileRef = 4AD8613C265EEECC002E4D3A /* SC2.h32.ele.dcm */; };
		4AD86186265EEECE002E4D3A /* CT1.j2ki.dcm in Resources */ = {isa = PBXBuildFile; fileRef = 4AD8613D265EEECC002E4D3A /* CT1.j2ki.dcm */; };
		4AD86187265EEECE002E4D3A /* RG1.j2kr.dcm in Resources */ = {isa = PBXBuildFile; fileRef = 4AD8613E265EEECC002E4D3A /* RG1.j2kr.dcm */; };
		4AD86188265EEECE002E4D3A /* VL4.j2ki.dcm in Resources */ = {isa = PBXBuildFile; fileRef = 4AD8613F265EEECC002E4D3A /* VL4.j2ki.dcm */; };
		4AD86189265EEECE002E4D3A /* VL5.j2kr.dcm in Resources */ = {isa = PBXBuildFile; fileRef = 4AD86140265EEECC002E4D3A /* VL5.j2kr.dcm */; };
		4AD8618A265EEECE002E4D3A /* RG2.ele.dcm in Resources */ = {isa = PBXBuildFile; fileRef = 4AD86141265EEECC002E4D3A /* RG2.ele.dcm */; };
		4AD8618B265EEECE002E4D3A /* SC2.french.ele.dcm in Resources */ = {isa = PBXBuildFile; fileRef = 4AD86142265EEECC002E4D3A /* SC2.french.ele.dcm */; };
		4AD8618C265EEECE002E4D3A /* MR2.j2kr.dcm in Resources */ = {isa = PBXBuildFile; fileRef = 4AD86143265EEECC002E4D3A /* MR2.j2kr.dcm */; };
		4AD8618D265EEECE002E4D3A /* SC2.greek.ele.dcm in Resources */ = {isa = PBXBuildFile; fileRef = 4AD86144265EEECD002E4D3A /* SC2.greek.ele.dcm */; };
		4AD8618E265EEECE002E4D3A /* RF1.j2kr.dcm in Resources */ = {isa = PBXBuildFile; fileRef = 4AD86145265EEECD002E4D3A /* RF1.j2kr.dcm */; };
		4AD8618F265EEECE002E4D3A /* SC2.german.ele.dcm in Resources */ = {isa = PBXBuildFile; fileRef = 4AD86146265EEECD002E4D3A /* SC2.german.ele.dcm */; };
		4AD86190265EEECE002E4D3A /* SC2.h31.ele.dcm in Resources */ = {isa = PBXBuildFile; fileRef = 4AD86147265EEECD002E4D3A /* SC2.h31.ele.dcm */; };
		4AD86191265EEECE002E4D3A /* US1.j2ki.dcm in Resources */ = {isa = PBXBuildFile; fileRef = 4AD86148265EEECD002E4D3A /* US1.j2ki.dcm */; };
		4AD86192265EEECE002E4D3A /* VL2.j2kr.dcm in Resources */ = {isa = PBXBuildFile; fileRef = 4AD86149265EEECD002E4D3A /* VL2.j2kr.dcm */; };
		4AD86193265EEECE002E4D3A /* VL3.j2ki.dcm in Resources */ = {isa = PBXBuildFile; fileRef = 4AD8614A265EEECD002E4D3A /* VL3.j2ki.dcm */; };
		4AD86194265EEECE002E4D3A /* VL6.j2ki.dcm in Resources */ = {isa = PBXBuildFile; fileRef = 4AD8614B265EEECD002E4D3A /* VL6.j2ki.dcm */; };
		4AD86195265EEECE002E4D3A /* XA1.ele.dcm in Resources */ = {isa = PBXBuildFile; fileRef = 4AD8614C265EEECD002E4D3A /* XA1.ele.dcm */; };
		4AD86196265EEECE002E4D3A /* XA1.j2kr.dcm in Resources */ = {isa = PBXBuildFile; fileRef = 4AD8614D265EEECD002E4D3A /* XA1.j2kr.dcm */; };
		4AD86197265EEECE002E4D3A /* NM1.j2ki.dcm in Resources */ = {isa = PBXBuildFile; fileRef = 4AD8614E265EEECD002E4D3A /* NM1.j2ki.dcm */; };
		4AD86198265EEECE002E4D3A /* MR4.j2ki.dcm in Resources */ = {isa = PBXBuildFile; fileRef = 4AD8614F265EEECD002E4D3A /* MR4.j2ki.dcm */; };
		4AD86199265EEECE002E4D3A /* RG2.j2ki.dcm in Resources */ = {isa = PBXBuildFile; fileRef = 4AD86150265EEECD002E4D3A /* RG2.j2ki.dcm */; };
		4AD8619A265EEECE002E4D3A /* VL3.j2kr.dcm in Resources */ = {isa = PBXBuildFile; fileRef = 4AD86151265EEECD002E4D3A /* VL3.j2kr.dcm */; };
		4AD8619B265EEECE002E4D3A /* MR3.j2ki.dcm in Resources */ = {isa = PBXBuildFile; fileRef = 4AD86152265EEECD002E4D3A /* MR3.j2ki.dcm */; };
		4AD8619C265EEECE002E4D3A /* VL5.ele.dcm in Resources */ = {isa = PBXBuildFile; fileRef = 4AD86153265EEECD002E4D3A /* VL5.ele.dcm */; };
		4AD8619D265EEECE002E4D3A /* VL5.j2ki.dcm in Resources */ = {isa = PBXBuildFile; fileRef = 4AD86154265EEECD002E4D3A /* VL5.j2ki.dcm */; };
		4AD8619E265EEECE002E4D3A /* VL2.j2ki.dcm in Resources */ = {isa = PBXBuildFile; fileRef = 4AD86155265EEECD002E4D3A /* VL2.j2ki.dcm */; };
		4AD8619F265EEECE002E4D3A /* NM1.j2kr.dcm in Resources */ = {isa = PBXBuildFile; fileRef = 4AD86156265EEECD002E4D3A /* NM1.j2kr.dcm */; };
		4AD861A0265EEECE002E4D3A /* VL1.j2kr.dcm in Resources */ = {isa = PBXBuildFile; fileRef = 4AD86157265EEECD002E4D3A /* VL1.j2kr.dcm */; };
		4AD861A1265EEECE002E4D3A /* VL3.ele.dcm in Resources */ = {isa = PBXBuildFile; fileRef = 4AD86158265EEECD002E4D3A /* VL3.ele.dcm */; };
		4AD861A2265EEECE002E4D3A /* CT2.ele.dcm in Resources */ = {isa = PBXBuildFile; fileRef = 4AD86159265EEECD002E4D3A /* CT2.ele.dcm */; };
		4AD861A3265EEECE002E4D3A /* MR1.j2kr.dcm in Resources */ = {isa = PBXBuildFile; fileRef = 4AD8615A265EEECD002E4D3A /* MR1.j2kr.dcm */; };
		4AD861A4265EEECE002E4D3A /* MR2.ele.dcm in Resources */ = {isa = PBXBuildFile; fileRef = 4AD8615B265EEECD002E4D3A /* MR2.ele.dcm */; };
		4AD861A5265EEECE002E4D3A /* SC2.russian.ele.dcm in Resources */ = {isa = PBXBuildFile; fileRef = 4AD8615C265EEECD002E4D3A /* SC2.russian.ele.dcm */; };
		4AD861A6265EEECE002E4D3A /* XA1.j2ki.dcm in Resources */ = {isa = PBXBuildFile; fileRef = 4AD8615D265EEECD002E4D3A /* XA1.j2ki.dcm */; };
		4AD861A7265EEECE002E4D3A /* NM1.ele.dcm in Resources */ = {isa = PBXBuildFile; fileRef = 4AD8615E265EEECD002E4D3A /* NM1.ele.dcm */; };
		4AD861A8265EEECE002E4D3A /* US1.ele.dcm in Resources */ = {isa = PBXBuildFile; fileRef = 4AD8615F265EEECD002E4D3A /* US1.ele.dcm */; };
		4AD861A9265EEECE002E4D3A /* SC1.j2ki.dcm in Resources */ = {isa = PBXBuildFile; fileRef = 4AD86160265EEECD002E4D3A /* SC1.j2ki.dcm */; };
		4AD861AA265EEECE002E4D3A /* VL4.ele.dcm in Resources */ = {isa = PBXBuildFile; fileRef = 4AD86161265EEECD002E4D3A /* VL4.ele.dcm */; };
		4AD861AB265EEECE002E4D3A /* SC2.x2.ele.dcm in Resources */ = {isa = PBXBuildFile; fileRef = 4AD86162265EEECD002E4D3A /* SC2.x2.ele.dcm */; };
		4AD861AC265EEECE002E4D3A /* RF1.ele.dcm in Resources */ = {isa = PBXBuildFile; fileRef = 4AD86163265EEECD002E4D3A /* RF1.ele.dcm */; };
		4AD861AD265EEECE002E4D3A /* MR3.j2kr.dcm in Resources */ = {isa = PBXBuildFile; fileRef = 4AD86164265EEECD002E4D3A /* MR3.j2kr.dcm */; };
		4AD861AE265EEECE002E4D3A /* MG1.ele.dcm in Resources */ = {isa = PBXBuildFile; fileRef = 4AD86165265EEECD002E4D3A /* MG1.ele.dcm */; };
		4AD861AF265EEECE002E4D3A /* RG2.j2kr.dcm in Resources */ = {isa = PBXBuildFile; fileRef = 4AD86166265EEECD002E4D3A /* RG2.j2kr.dcm */; };
		4AD861B0265EEECE002E4D3A /* RG3.ele.dcm in Resources */ = {isa = PBXBuildFile; fileRef = 4AD86167265EEECD002E4D3A /* RG3.ele.dcm */; };
		4AD861B1265EEECE002E4D3A /* VL1.ele.dcm in Resources */ = {isa = PBXBuildFile; fileRef = 4AD86168265EEECD002E4D3A /* VL1.ele.dcm */; };
		4AD861B2265EEECE002E4D3A /* MR4.j2kr.dcm in Resources */ = {isa = PBXBuildFile; fileRef = 4AD86169265EEECD002E4D3A /* MR4.j2kr.dcm */; };
		4AD861B3265EEECE002E4D3A /* SC1.ele.dcm in Resources */ = {isa = PBXBuildFile; fileRef = 4AD8616A265EEECD002E4D3A /* SC1.ele.dcm */; };
		4AD861B4265EEECE002E4D3A /* VL4.j2kr.dcm in Resources */ = {isa = PBXBuildFile; fileRef = 4AD8616B265EEECD002E4D3A /* VL4.j2kr.dcm */; };
		4AE7CEAA25E7CBE0004942E3 /* dicomattrs.hex in Resources */ = {isa = PBXBuildFile; fileRef = 4A7B85AC2582A4C300E62971 /* dicomattrs.hex */; };
		4AE7CEB725E7CBE0004942E3 /* M.xsd in Resources */ = {isa = PBXBuildFile; fileRef = 4ABDE92125B1A8FE00C8D33F /* M.xsd */; };
		4AE7CEB825E7CBE0004942E3 /* M1N.xsl in Resources */ = {isa = PBXBuildFile; fileRef = 4ABDE91E25B1A8FE00C8D33F /* M1N.xsl */; };
		4AE7CEB925E7CBE0004942E3 /* N1M.xsl in Resources */ = {isa = PBXBuildFile; fileRef = 4ABDE92025B1A8FE00C8D33F /* N1M.xsl */; };
		4AE7CEBA25E7CBE0004942E3 /* M3J.xsl in Resources */ = {isa = PBXBuildFile; fileRef = 4AAE863E25C029DC00117D26 /* M3J.xsl */; };
		4AE7CEBB25E7CBE0004942E3 /* N.xsd in Resources */ = {isa = PBXBuildFile; fileRef = 4ABDE91B25B1A8FE00C8D33F /* N.xsd */; };
/* End PBXBuildFile section */

/* Begin PBXContainerItemProxy section */
		4A5CC01B262B03F0003070E7 /* PBXContainerItemProxy */ = {
			isa = PBXContainerItemProxy;
			containerPortal = 4A7B856A258002A100E62971 /* Project object */;
			proxyType = 1;
			remoteGlobalIDString = 4A025F3A25E5C455005AA1A3;
			remoteInfo = DCKV;
		};
/* End PBXContainerItemProxy section */

/* Begin PBXCopyFilesBuildPhase section */
		4A42610125A73C6B001E0B52 /* CopyFiles */ = {
			isa = PBXCopyFilesBuildPhase;
			buildActionMask = 2147483647;
			dstPath = /usr/share/man/man1/;
			dstSubfolderSpec = 0;
			files = (
			);
			runOnlyForDeploymentPostprocessing = 1;
		};
		4A7B85D6258BC12800E62971 /* CopyFiles */ = {
			isa = PBXCopyFilesBuildPhase;
			buildActionMask = 2147483647;
			dstPath = /usr/share/man/man1/;
			dstSubfolderSpec = 0;
			files = (
			);
			runOnlyForDeploymentPostprocessing = 1;
		};
		4A7B85F8258CD7A700E62971 /* CopyFiles */ = {
			isa = PBXCopyFilesBuildPhase;
			buildActionMask = 2147483647;
			dstPath = /usr/share/man/man1/;
			dstSubfolderSpec = 0;
			files = (
			);
			runOnlyForDeploymentPostprocessing = 1;
		};
/* End PBXCopyFilesBuildPhase section */

/* Begin PBXFileReference section */
		0718621725F6825F00802276 /* FluroWithDisplayShutter.json */ = {isa = PBXFileReference; lastKnownFileType = text.json; path = FluroWithDisplayShutter.json; sourceTree = "<group>"; };
		0718621825F6825F00802276 /* SCSARAB.json */ = {isa = PBXFileReference; lastKnownFileType = text.json; path = SCSARAB.json; sourceTree = "<group>"; };
		0718621B25F6849900802276 /* SCSFREN.json */ = {isa = PBXFileReference; lastKnownFileType = text.json; path = SCSFREN.json; sourceTree = "<group>"; };
		4A025E5E25E418E5005AA1A3 /* DCMcharset.h */ = {isa = PBXFileReference; fileEncoding = 4; lastKnownFileType = sourcecode.c.h; path = DCMcharset.h; sourceTree = "<group>"; };
		4A025E6625E43D0D005AA1A3 /* README.md */ = {isa = PBXFileReference; fileEncoding = 4; lastKnownFileType = net.daringfireball.markdown; path = README.md; sourceTree = "<group>"; };
		4A025E6725E43D0D005AA1A3 /* main.m */ = {isa = PBXFileReference; fileEncoding = 4; lastKnownFileType = sourcecode.c.objc; path = main.m; sourceTree = "<group>"; };
		4A025EA625E593E0005AA1A3 /* D2dict.m */ = {isa = PBXFileReference; lastKnownFileType = sourcecode.c.objc; path = D2dict.m; sourceTree = "<group>"; };
		4A025EAF25E5944E005AA1A3 /* D2dict.h */ = {isa = PBXFileReference; lastKnownFileType = sourcecode.c.h; path = D2dict.h; sourceTree = "<group>"; };
		4A025EBC25E5A1DE005AA1A3 /* D2xml.h */ = {isa = PBXFileReference; lastKnownFileType = sourcecode.c.h; path = D2xml.h; sourceTree = "<group>"; };
		4A025EBD25E5A21B005AA1A3 /* D2xml.m */ = {isa = PBXFileReference; lastKnownFileType = sourcecode.c.objc; path = D2xml.m; sourceTree = "<group>"; };
		4A025F3B25E5C455005AA1A3 /* DCKV.framework */ = {isa = PBXFileReference; explicitFileType = wrapper.framework; includeInIndex = 0; path = DCKV.framework; sourceTree = BUILT_PRODUCTS_DIR; };
		4A025F3D25E5C455005AA1A3 /* DCKV.h */ = {isa = PBXFileReference; lastKnownFileType = sourcecode.c.h; path = DCKV.h; sourceTree = "<group>"; };
		4A025F3E25E5C455005AA1A3 /* Info.plist */ = {isa = PBXFileReference; lastKnownFileType = text.plist.xml; path = Info.plist; sourceTree = "<group>"; };
		4A025FA825E61B97005AA1A3 /* NSData+DCMmarkers.h */ = {isa = PBXFileReference; lastKnownFileType = sourcecode.c.h; path = "NSData+DCMmarkers.h"; sourceTree = "<group>"; };
		4A025FA925E61B97005AA1A3 /* NSData+DCMmarkers.m */ = {isa = PBXFileReference; lastKnownFileType = sourcecode.c.objc; path = "NSData+DCMmarkers.m"; sourceTree = "<group>"; };
		4A02602625E6778F005AA1A3 /* main.m */ = {isa = PBXFileReference; fileEncoding = 4; lastKnownFileType = sourcecode.c.objc; path = main.m; sourceTree = "<group>"; };
		4A42610325A73C6B001E0B52 /* D2M */ = {isa = PBXFileReference; explicitFileType = "compiled.mach-o.executable"; includeInIndex = 0; path = D2M; sourceTree = BUILT_PRODUCTS_DIR; };
		4A42610525A73C6B001E0B52 /* main.m */ = {isa = PBXFileReference; lastKnownFileType = sourcecode.c.objc; path = main.m; sourceTree = "<group>"; };
		4A44192825EC4A490091495B /* B64.m */ = {isa = PBXFileReference; fileEncoding = 4; lastKnownFileType = sourcecode.c.objc; path = B64.m; sourceTree = "<group>"; };
		4A44192925EC4A490091495B /* B64.h */ = {isa = PBXFileReference; fileEncoding = 4; lastKnownFileType = sourcecode.c.h; path = B64.h; sourceTree = "<group>"; };
		4A44193425EE53CE0091495B /* README.md */ = {isa = PBXFileReference; lastKnownFileType = net.daringfireball.markdown; path = README.md; sourceTree = "<group>"; };
		4A44197B25F764150091495B /* README.md */ = {isa = PBXFileReference; lastKnownFileType = net.daringfireball.markdown; path = README.md; sourceTree = "<group>"; };
		4A5CC03A2639D057003070E7 /* 00000001_7FE00010-OB#00000001.j2k */ = {isa = PBXFileReference; lastKnownFileType = file; path = "00000001_7FE00010-OB#00000001.j2k"; sourceTree = "<group>"; };
		4A5CC03B2639D057003070E7 /* FluroWithDisplayShutterj2k.json */ = {isa = PBXFileReference; lastKnownFileType = text.json; path = FluroWithDisplayShutterj2k.json; sourceTree = "<group>"; };
		4A5CC03C2639D057003070E7 /* FluroWithDisplayShutterj2ksource.json */ = {isa = PBXFileReference; lastKnownFileType = text.json; path = FluroWithDisplayShutterj2ksource.json; sourceTree = "<group>"; };
		4A5CC03D2639D057003070E7 /* FluroWithDisplayShutterj2kinline.json */ = {isa = PBXFileReference; lastKnownFileType = text.json; path = FluroWithDisplayShutterj2kinline.json; sourceTree = "<group>"; };
		4A5CC060263C28AE003070E7 /* README.md */ = {isa = PBXFileReference; lastKnownFileType = net.daringfireball.markdown; path = README.md; sourceTree = "<group>"; };
		4A7B859F25824EAE00E62971 /* utils.m */ = {isa = PBXFileReference; fileEncoding = 4; lastKnownFileType = sourcecode.c.objc; path = utils.m; sourceTree = "<group>"; };
		4A7B85A025824EAE00E62971 /* ODLog.m */ = {isa = PBXFileReference; fileEncoding = 4; lastKnownFileType = sourcecode.c.objc; path = ODLog.m; sourceTree = "<group>"; };
		4A7B85A125824EAE00E62971 /* ODLog.h */ = {isa = PBXFileReference; fileEncoding = 4; lastKnownFileType = sourcecode.c.h; path = ODLog.h; sourceTree = "<group>"; };
		4A7B85A225824EAE00E62971 /* utils.h */ = {isa = PBXFileReference; fileEncoding = 4; lastKnownFileType = sourcecode.c.h; path = utils.h; sourceTree = "<group>"; };
		4A7B85AC2582A4C300E62971 /* dicomattrs.hex */ = {isa = PBXFileReference; lastKnownFileType = text; path = dicomattrs.hex; sourceTree = "<group>"; };
		4A7B85D8258BC12800E62971 /* H2D */ = {isa = PBXFileReference; explicitFileType = "compiled.mach-o.executable"; includeInIndex = 0; path = H2D; sourceTree = BUILT_PRODUCTS_DIR; };
		4A7B85DA258BC12800E62971 /* main.m */ = {isa = PBXFileReference; lastKnownFileType = sourcecode.c.objc; path = main.m; sourceTree = "<group>"; };
		4A7B85FA258CD7A700E62971 /* M2 */ = {isa = PBXFileReference; explicitFileType = "compiled.mach-o.executable"; includeInIndex = 0; path = M2; sourceTree = BUILT_PRODUCTS_DIR; };
		4A95E3CC26063E9800224363 /* dckRangeVecs.h */ = {isa = PBXFileReference; fileEncoding = 4; lastKnownFileType = sourcecode.c.h; path = dckRangeVecs.h; sourceTree = "<group>"; };
		4A95E3CD26063E9800224363 /* dckRangeVecs.m */ = {isa = PBXFileReference; fileEncoding = 4; lastKnownFileType = sourcecode.c.objc; path = dckRangeVecs.m; sourceTree = "<group>"; };
		4AAE862C25C0253500117D26 /* main.m */ = {isa = PBXFileReference; fileEncoding = 4; lastKnownFileType = sourcecode.c.objc; path = main.m; sourceTree = "<group>"; };
		4AAE863A25C029A500117D26 /* README.md */ = {isa = PBXFileReference; lastKnownFileType = net.daringfireball.markdown; path = README.md; sourceTree = "<group>"; };
		4AAE863B25C029BA00117D26 /* README.md */ = {isa = PBXFileReference; lastKnownFileType = net.daringfireball.markdown; path = README.md; sourceTree = "<group>"; };
		4AAE863D25C029DC00117D26 /* README.md */ = {isa = PBXFileReference; lastKnownFileType = net.daringfireball.markdown; path = README.md; sourceTree = "<group>"; };
		4AAE863E25C029DC00117D26 /* M3J.xsl */ = {isa = PBXFileReference; lastKnownFileType = text.xml; path = M3J.xsl; sourceTree = "<group>"; };
		4AAE865C25C0AABB00117D26 /* schema-for-json.xsd */ = {isa = PBXFileReference; fileEncoding = 4; lastKnownFileType = text.xml; path = "schema-for-json.xsd"; sourceTree = "<group>"; };
		4AAE865D25C0ABBB00117D26 /* README.md */ = {isa = PBXFileReference; fileEncoding = 4; lastKnownFileType = net.daringfireball.markdown; path = README.md; sourceTree = "<group>"; };
		4AAE866A25C0C19600117D26 /* J2D */ = {isa = PBXFileReference; explicitFileType = "compiled.mach-o.executable"; includeInIndex = 0; path = J2D; sourceTree = BUILT_PRODUCTS_DIR; };
		4ABDE91825B1A8FE00C8D33F /* M.xml */ = {isa = PBXFileReference; fileEncoding = 4; lastKnownFileType = text.xml; path = M.xml; sourceTree = "<group>"; };
		4ABDE91B25B1A8FE00C8D33F /* N.xsd */ = {isa = PBXFileReference; fileEncoding = 4; lastKnownFileType = text.xml; path = N.xsd; sourceTree = "<group>"; };
		4ABDE91C25B1A8FE00C8D33F /* N.rng */ = {isa = PBXFileReference; fileEncoding = 4; lastKnownFileType = text.xml; path = N.rng; sourceTree = "<group>"; };
		4ABDE91E25B1A8FE00C8D33F /* M1N.xsl */ = {isa = PBXFileReference; fileEncoding = 4; lastKnownFileType = text.xml; path = M1N.xsl; sourceTree = "<group>"; };
		4ABDE92025B1A8FE00C8D33F /* N1M.xsl */ = {isa = PBXFileReference; fileEncoding = 4; lastKnownFileType = text.xml; path = N1M.xsl; sourceTree = "<group>"; };
		4ABDE92125B1A8FE00C8D33F /* M.xsd */ = {isa = PBXFileReference; fileEncoding = 4; lastKnownFileType = text.xml; path = M.xsd; sourceTree = "<group>"; };
		4ABE45AB25C87F610072B84E /* dict2D.h */ = {isa = PBXFileReference; lastKnownFileType = sourcecode.c.h; path = dict2D.h; sourceTree = "<group>"; };
		4ABE45AC25C87F610072B84E /* dict2D.m */ = {isa = PBXFileReference; lastKnownFileType = sourcecode.c.objc; path = dict2D.m; sourceTree = "<group>"; };
		4ABF584125CECD4700EB725E /* DCMcharset.m */ = {isa = PBXFileReference; lastKnownFileType = sourcecode.c.objc; path = DCMcharset.m; sourceTree = "<group>"; };
		4ABF586225DC043B00EB725E /* D2J */ = {isa = PBXFileReference; explicitFileType = "compiled.mach-o.executable"; includeInIndex = 0; path = D2J; sourceTree = BUILT_PRODUCTS_DIR; };
		4AC7BE5826694A2700C14265 /* NSData+MD5.h */ = {isa = PBXFileReference; lastKnownFileType = sourcecode.c.h; path = "NSData+MD5.h"; sourceTree = "<group>"; };
		4AC7BE5926694A2700C14265 /* NSData+MD5.m */ = {isa = PBXFileReference; lastKnownFileType = sourcecode.c.objc; path = "NSData+MD5.m"; sourceTree = "<group>"; };
		4AC7BE62266A724A00C14265 /* DCKV.md */ = {isa = PBXFileReference; lastKnownFileType = net.daringfireball.markdown; path = DCKV.md; sourceTree = "<group>"; };
		4AD86123265EEECC002E4D3A /* MR1.ele.dcm */ = {isa = PBXFileReference; lastKnownFileType = file; path = MR1.ele.dcm; sourceTree = "<group>"; };
		4AD86124265EEECC002E4D3A /* MG1.j2kr.dcm */ = {isa = PBXFileReference; lastKnownFileType = file; path = MG1.j2kr.dcm; sourceTree = "<group>"; };
		4AD86125265EEECC002E4D3A /* MR2.j2ki.dcm */ = {isa = PBXFileReference; lastKnownFileType = file; path = MR2.j2ki.dcm; sourceTree = "<group>"; };
		4AD86126265EEECC002E4D3A /* VL1.j2ki.dcm */ = {isa = PBXFileReference; lastKnownFileType = file; path = VL1.j2ki.dcm; sourceTree = "<group>"; };
		4AD86127265EEECC002E4D3A /* SC2.x1.ele.dcm */ = {isa = PBXFileReference; lastKnownFileType = file; path = SC2.x1.ele.dcm; sourceTree = "<group>"; };
		4AD86128265EEECC002E4D3A /* SC2.l2.ele.dcm */ = {isa = PBXFileReference; lastKnownFileType = file; path = SC2.l2.ele.dcm; sourceTree = "<group>"; };
		4AD86129265EEECC002E4D3A /* VL6.ele.dcm */ = {isa = PBXFileReference; lastKnownFileType = file; path = VL6.ele.dcm; sourceTree = "<group>"; };
		4AD8612A265EEECC002E4D3A /* MR3.ele.dcm */ = {isa = PBXFileReference; lastKnownFileType = file; path = MR3.ele.dcm; sourceTree = "<group>"; };
		4AD8612B265EEECC002E4D3A /* RG3.j2kr.dcm */ = {isa = PBXFileReference; lastKnownFileType = file; path = RG3.j2kr.dcm; sourceTree = "<group>"; };
		4AD8612C265EEECC002E4D3A /* US1.j2kr.dcm */ = {isa = PBXFileReference; lastKnownFileType = file; path = US1.j2kr.dcm; sourceTree = "<group>"; };
		4AD8612D265EEECC002E4D3A /* MR1.j2ki.dcm */ = {isa = PBXFileReference; lastKnownFileType = file; path = MR1.j2ki.dcm; sourceTree = "<group>"; };
		4AD8612E265EEECC002E4D3A /* CT1.j2kr.dcm */ = {isa = PBXFileReference; lastKnownFileType = file; path = CT1.j2kr.dcm; sourceTree = "<group>"; };
		4AD8612F265EEECC002E4D3A /* VL6.j2kr.dcm */ = {isa = PBXFileReference; lastKnownFileType = file; path = VL6.j2kr.dcm; sourceTree = "<group>"; };
		4AD86130265EEECC002E4D3A /* VL2.ele.dcm */ = {isa = PBXFileReference; lastKnownFileType = file; path = VL2.ele.dcm; sourceTree = "<group>"; };
		4AD86131265EEECC002E4D3A /* RG1.j2ki.dcm */ = {isa = PBXFileReference; lastKnownFileType = file; path = RG1.j2ki.dcm; sourceTree = "<group>"; };
		4AD86132265EEECC002E4D3A /* CT2.j2ki.dcm */ = {isa = PBXFileReference; lastKnownFileType = file; path = CT2.j2ki.dcm; sourceTree = "<group>"; };
		4AD86133265EEECC002E4D3A /* MG1.j2ki.dcm */ = {isa = PBXFileReference; lastKnownFileType = file; path = MG1.j2ki.dcm; sourceTree = "<group>"; };
		4AD86134265EEECC002E4D3A /* SC2.hebrew.ele.dcm */ = {isa = PBXFileReference; lastKnownFileType = file; path = SC2.hebrew.ele.dcm; sourceTree = "<group>"; };
		4AD86135265EEECC002E4D3A /* SC1.j2kr.dcm */ = {isa = PBXFileReference; lastKnownFileType = file; path = SC1.j2kr.dcm; sourceTree = "<group>"; };
		4AD86136265EEECC002E4D3A /* SC2.arabic.ele.dcm */ = {isa = PBXFileReference; lastKnownFileType = file; path = SC2.arabic.ele.dcm; sourceTree = "<group>"; };
		4AD86137265EEECC002E4D3A /* RG3.j2ki.dcm */ = {isa = PBXFileReference; lastKnownFileType = file; path = RG3.j2ki.dcm; sourceTree = "<group>"; };
		4AD86138265EEECC002E4D3A /* RG1.ele.dcm */ = {isa = PBXFileReference; lastKnownFileType = file; path = RG1.ele.dcm; sourceTree = "<group>"; };
		4AD86139265EEECC002E4D3A /* CT1.ele.dcm */ = {isa = PBXFileReference; lastKnownFileType = file; path = CT1.ele.dcm; sourceTree = "<group>"; };
		4AD8613A265EEECC002E4D3A /* MR4.ele.dcm */ = {isa = PBXFileReference; lastKnownFileType = file; path = MR4.ele.dcm; sourceTree = "<group>"; };
		4AD8613B265EEECC002E4D3A /* CT2.j2kr.dcm */ = {isa = PBXFileReference; lastKnownFileType = file; path = CT2.j2kr.dcm; sourceTree = "<group>"; };
		4AD8613C265EEECC002E4D3A /* SC2.h32.ele.dcm */ = {isa = PBXFileReference; lastKnownFileType = file; path = SC2.h32.ele.dcm; sourceTree = "<group>"; };
		4AD8613D265EEECC002E4D3A /* CT1.j2ki.dcm */ = {isa = PBXFileReference; lastKnownFileType = file; path = CT1.j2ki.dcm; sourceTree = "<group>"; };
		4AD8613E265EEECC002E4D3A /* RG1.j2kr.dcm */ = {isa = PBXFileReference; lastKnownFileType = file; path = RG1.j2kr.dcm; sourceTree = "<group>"; };
		4AD8613F265EEECC002E4D3A /* VL4.j2ki.dcm */ = {isa = PBXFileReference; lastKnownFileType = file; path = VL4.j2ki.dcm; sourceTree = "<group>"; };
		4AD86140265EEECC002E4D3A /* VL5.j2kr.dcm */ = {isa = PBXFileReference; lastKnownFileType = file; path = VL5.j2kr.dcm; sourceTree = "<group>"; };
		4AD86141265EEECC002E4D3A /* RG2.ele.dcm */ = {isa = PBXFileReference; lastKnownFileType = file; path = RG2.ele.dcm; sourceTree = "<group>"; };
		4AD86142265EEECC002E4D3A /* SC2.french.ele.dcm */ = {isa = PBXFileReference; lastKnownFileType = file; path = SC2.french.ele.dcm; sourceTree = "<group>"; };
		4AD86143265EEECC002E4D3A /* MR2.j2kr.dcm */ = {isa = PBXFileReference; lastKnownFileType = file; path = MR2.j2kr.dcm; sourceTree = "<group>"; };
		4AD86144265EEECD002E4D3A /* SC2.greek.ele.dcm */ = {isa = PBXFileReference; lastKnownFileType = file; path = SC2.greek.ele.dcm; sourceTree = "<group>"; };
		4AD86145265EEECD002E4D3A /* RF1.j2kr.dcm */ = {isa = PBXFileReference; lastKnownFileType = file; path = RF1.j2kr.dcm; sourceTree = "<group>"; };
		4AD86146265EEECD002E4D3A /* SC2.german.ele.dcm */ = {isa = PBXFileReference; lastKnownFileType = file; path = SC2.german.ele.dcm; sourceTree = "<group>"; };
		4AD86147265EEECD002E4D3A /* SC2.h31.ele.dcm */ = {isa = PBXFileReference; lastKnownFileType = file; path = SC2.h31.ele.dcm; sourceTree = "<group>"; };
		4AD86148265EEECD002E4D3A /* US1.j2ki.dcm */ = {isa = PBXFileReference; lastKnownFileType = file; path = US1.j2ki.dcm; sourceTree = "<group>"; };
		4AD86149265EEECD002E4D3A /* VL2.j2kr.dcm */ = {isa = PBXFileReference; lastKnownFileType = file; path = VL2.j2kr.dcm; sourceTree = "<group>"; };
		4AD8614A265EEECD002E4D3A /* VL3.j2ki.dcm */ = {isa = PBXFileReference; lastKnownFileType = file; path = VL3.j2ki.dcm; sourceTree = "<group>"; };
		4AD8614B265EEECD002E4D3A /* VL6.j2ki.dcm */ = {isa = PBXFileReference; lastKnownFileType = file; path = VL6.j2ki.dcm; sourceTree = "<group>"; };
		4AD8614C265EEECD002E4D3A /* XA1.ele.dcm */ = {isa = PBXFileReference; lastKnownFileType = file; path = XA1.ele.dcm; sourceTree = "<group>"; };
		4AD8614D265EEECD002E4D3A /* XA1.j2kr.dcm */ = {isa = PBXFileReference; lastKnownFileType = file; path = XA1.j2kr.dcm; sourceTree = "<group>"; };
		4AD8614E265EEECD002E4D3A /* NM1.j2ki.dcm */ = {isa = PBXFileReference; lastKnownFileType = file; path = NM1.j2ki.dcm; sourceTree = "<group>"; };
		4AD8614F265EEECD002E4D3A /* MR4.j2ki.dcm */ = {isa = PBXFileReference; lastKnownFileType = file; path = MR4.j2ki.dcm; sourceTree = "<group>"; };
		4AD86150265EEECD002E4D3A /* RG2.j2ki.dcm */ = {isa = PBXFileReference; lastKnownFileType = file; path = RG2.j2ki.dcm; sourceTree = "<group>"; };
		4AD86151265EEECD002E4D3A /* VL3.j2kr.dcm */ = {isa = PBXFileReference; lastKnownFileType = file; path = VL3.j2kr.dcm; sourceTree = "<group>"; };
		4AD86152265EEECD002E4D3A /* MR3.j2ki.dcm */ = {isa = PBXFileReference; lastKnownFileType = file; path = MR3.j2ki.dcm; sourceTree = "<group>"; };
		4AD86153265EEECD002E4D3A /* VL5.ele.dcm */ = {isa = PBXFileReference; lastKnownFileType = file; path = VL5.ele.dcm; sourceTree = "<group>"; };
		4AD86154265EEECD002E4D3A /* VL5.j2ki.dcm */ = {isa = PBXFileReference; lastKnownFileType = file; path = VL5.j2ki.dcm; sourceTree = "<group>"; };
		4AD86155265EEECD002E4D3A /* VL2.j2ki.dcm */ = {isa = PBXFileReference; lastKnownFileType = file; path = VL2.j2ki.dcm; sourceTree = "<group>"; };
		4AD86156265EEECD002E4D3A /* NM1.j2kr.dcm */ = {isa = PBXFileReference; lastKnownFileType = file; path = NM1.j2kr.dcm; sourceTree = "<group>"; };
		4AD86157265EEECD002E4D3A /* VL1.j2kr.dcm */ = {isa = PBXFileReference; lastKnownFileType = file; path = VL1.j2kr.dcm; sourceTree = "<group>"; };
		4AD86158265EEECD002E4D3A /* VL3.ele.dcm */ = {isa = PBXFileReference; lastKnownFileType = file; path = VL3.ele.dcm; sourceTree = "<group>"; };
		4AD86159265EEECD002E4D3A /* CT2.ele.dcm */ = {isa = PBXFileReference; lastKnownFileType = file; path = CT2.ele.dcm; sourceTree = "<group>"; };
		4AD8615A265EEECD002E4D3A /* MR1.j2kr.dcm */ = {isa = PBXFileReference; lastKnownFileType = file; path = MR1.j2kr.dcm; sourceTree = "<group>"; };
		4AD8615B265EEECD002E4D3A /* MR2.ele.dcm */ = {isa = PBXFileReference; lastKnownFileType = file; path = MR2.ele.dcm; sourceTree = "<group>"; };
		4AD8615C265EEECD002E4D3A /* SC2.russian.ele.dcm */ = {isa = PBXFileReference; lastKnownFileType = file; path = SC2.russian.ele.dcm; sourceTree = "<group>"; };
		4AD8615D265EEECD002E4D3A /* XA1.j2ki.dcm */ = {isa = PBXFileReference; lastKnownFileType = file; path = XA1.j2ki.dcm; sourceTree = "<group>"; };
		4AD8615E265EEECD002E4D3A /* NM1.ele.dcm */ = {isa = PBXFileReference; lastKnownFileType = file; path = NM1.ele.dcm; sourceTree = "<group>"; };
		4AD8615F265EEECD002E4D3A /* US1.ele.dcm */ = {isa = PBXFileReference; lastKnownFileType = file; path = US1.ele.dcm; sourceTree = "<group>"; };
		4AD86160265EEECD002E4D3A /* SC1.j2ki.dcm */ = {isa = PBXFileReference; lastKnownFileType = file; path = SC1.j2ki.dcm; sourceTree = "<group>"; };
		4AD86161265EEECD002E4D3A /* VL4.ele.dcm */ = {isa = PBXFileReference; lastKnownFileType = file; path = VL4.ele.dcm; sourceTree = "<group>"; };
		4AD86162265EEECD002E4D3A /* SC2.x2.ele.dcm */ = {isa = PBXFileReference; lastKnownFileType = file; path = SC2.x2.ele.dcm; sourceTree = "<group>"; };
		4AD86163265EEECD002E4D3A /* RF1.ele.dcm */ = {isa = PBXFileReference; lastKnownFileType = file; path = RF1.ele.dcm; sourceTree = "<group>"; };
		4AD86164265EEECD002E4D3A /* MR3.j2kr.dcm */ = {isa = PBXFileReference; lastKnownFileType = file; path = MR3.j2kr.dcm; sourceTree = "<group>"; };
		4AD86165265EEECD002E4D3A /* MG1.ele.dcm */ = {isa = PBXFileReference; lastKnownFileType = file; path = MG1.ele.dcm; sourceTree = "<group>"; };
		4AD86166265EEECD002E4D3A /* RG2.j2kr.dcm */ = {isa = PBXFileReference; lastKnownFileType = file; path = RG2.j2kr.dcm; sourceTree = "<group>"; };
		4AD86167265EEECD002E4D3A /* RG3.ele.dcm */ = {isa = PBXFileReference; lastKnownFileType = file; path = RG3.ele.dcm; sourceTree = "<group>"; };
		4AD86168265EEECD002E4D3A /* VL1.ele.dcm */ = {isa = PBXFileReference; lastKnownFileType = file; path = VL1.ele.dcm; sourceTree = "<group>"; };
		4AD86169265EEECD002E4D3A /* MR4.j2kr.dcm */ = {isa = PBXFileReference; lastKnownFileType = file; path = MR4.j2kr.dcm; sourceTree = "<group>"; };
		4AD8616A265EEECD002E4D3A /* SC1.ele.dcm */ = {isa = PBXFileReference; lastKnownFileType = file; path = SC1.ele.dcm; sourceTree = "<group>"; };
		4AD8616B265EEECD002E4D3A /* VL4.j2kr.dcm */ = {isa = PBXFileReference; lastKnownFileType = file; path = VL4.j2kr.dcm; sourceTree = "<group>"; };
/* End PBXFileReference section */

/* Begin PBXFrameworksBuildPhase section */
		4A025F3825E5C455005AA1A3 /* Frameworks */ = {
			isa = PBXFrameworksBuildPhase;
			buildActionMask = 2147483647;
			files = (
			);
			runOnlyForDeploymentPostprocessing = 0;
		};
		4A42610025A73C6B001E0B52 /* Frameworks */ = {
			isa = PBXFrameworksBuildPhase;
			buildActionMask = 2147483647;
			files = (
				4A02600325E6290A005AA1A3 /* DCKV.framework in Frameworks */,
			);
			runOnlyForDeploymentPostprocessing = 0;
		};
		4A7B85D5258BC12800E62971 /* Frameworks */ = {
			isa = PBXFrameworksBuildPhase;
			buildActionMask = 2147483647;
			files = (
			);
			runOnlyForDeploymentPostprocessing = 0;
		};
		4A7B85F7258CD7A700E62971 /* Frameworks */ = {
			isa = PBXFrameworksBuildPhase;
			buildActionMask = 2147483647;
			files = (
			);
			runOnlyForDeploymentPostprocessing = 0;
		};
		4AAE866725C0C19600117D26 /* Frameworks */ = {
			isa = PBXFrameworksBuildPhase;
			buildActionMask = 2147483647;
			files = (
				4A44191225E866110091495B /* DCKV.framework in Frameworks */,
			);
			runOnlyForDeploymentPostprocessing = 0;
		};
		4ABF585F25DC043B00EB725E /* Frameworks */ = {
			isa = PBXFrameworksBuildPhase;
			buildActionMask = 2147483647;
			files = (
				0718621625F65AF000802276 /* DCKV.framework in Frameworks */,
			);
			runOnlyForDeploymentPostprocessing = 0;
		};
/* End PBXFrameworksBuildPhase section */

/* Begin PBXGroup section */
		4A025E6525E43D0D005AA1A3 /* D2J */ = {
			isa = PBXGroup;
			children = (
				4A025E6625E43D0D005AA1A3 /* README.md */,
				4A025E6725E43D0D005AA1A3 /* main.m */,
			);
			path = D2J;
			sourceTree = "<group>";
		};
		4A025F3C25E5C455005AA1A3 /* DCKV */ = {
			isa = PBXGroup;
			children = (
				4A025F3E25E5C455005AA1A3 /* Info.plist */,
				4A025F3D25E5C455005AA1A3 /* DCKV.h */,
				4A95E3CC26063E9800224363 /* dckRangeVecs.h */,
				4A95E3CD26063E9800224363 /* dckRangeVecs.m */,
				4A44192925EC4A490091495B /* B64.h */,
				4A44192825EC4A490091495B /* B64.m */,
				4A025FA825E61B97005AA1A3 /* NSData+DCMmarkers.h */,
				4A025FA925E61B97005AA1A3 /* NSData+DCMmarkers.m */,
				4A025E5E25E418E5005AA1A3 /* DCMcharset.h */,
				4ABF584125CECD4700EB725E /* DCMcharset.m */,
				4A7B85A125824EAE00E62971 /* ODLog.h */,
				4A7B85A025824EAE00E62971 /* ODLog.m */,
				4A7B85A225824EAE00E62971 /* utils.h */,
				4A7B859F25824EAE00E62971 /* utils.m */,
				4ABE45AB25C87F610072B84E /* dict2D.h */,
				4ABE45AC25C87F610072B84E /* dict2D.m */,
				4A025EA625E593E0005AA1A3 /* D2dict.m */,
				4A025EAF25E5944E005AA1A3 /* D2dict.h */,
				4A025EBC25E5A1DE005AA1A3 /* D2xml.h */,
				4A025EBD25E5A21B005AA1A3 /* D2xml.m */,
				4AC7BE5826694A2700C14265 /* NSData+MD5.h */,
				4AC7BE5926694A2700C14265 /* NSData+MD5.m */,
				4AC7BE62266A724A00C14265 /* DCKV.md */,
			);
			path = DCKV;
			sourceTree = "<group>";
		};
		4A02600A25E62D25005AA1A3 /* xslt3 */ = {
			isa = PBXGroup;
			children = (
				4AAE863E25C029DC00117D26 /* M3J.xsl */,
			);
			path = xslt3;
			sourceTree = "<group>";
		};
		4A02600B25E62D4F005AA1A3 /* xsd */ = {
			isa = PBXGroup;
			children = (
				4ABDE92125B1A8FE00C8D33F /* M.xsd */,
				4AAE865C25C0AABB00117D26 /* schema-for-json.xsd */,
			);
			path = xsd;
			sourceTree = "<group>";
		};
		4A02600C25E62E1F005AA1A3 /* Samples */ = {
			isa = PBXGroup;
			children = (
				4A02605025E6ECA7005AA1A3 /* J */,
				4A02600D25E62E4B005AA1A3 /* H */,
				4A434CB825B996A200065B64 /* D */,
				4ABDE91725B1A8FE00C8D33F /* M */,
				4AAE868A25C1905E00117D26 /* N */,
				4A44197B25F764150091495B /* README.md */,
			);
			path = Samples;
			sourceTree = "<group>";
		};
		4A02600D25E62E4B005AA1A3 /* H */ = {
			isa = PBXGroup;
			children = (
				4A7B85AC2582A4C300E62971 /* dicomattrs.hex */,
			);
			path = H;
			sourceTree = "<group>";
		};
		4A02605025E6ECA7005AA1A3 /* J */ = {
			isa = PBXGroup;
			children = (
				4A5CC0392639D057003070E7 /* FluroWithDisplayShutterj2k.bulkdata */,
				4A5CC03B2639D057003070E7 /* FluroWithDisplayShutterj2k.json */,
				4A5CC03D2639D057003070E7 /* FluroWithDisplayShutterj2kinline.json */,
				4A5CC03C2639D057003070E7 /* FluroWithDisplayShutterj2ksource.json */,
				0718621B25F6849900802276 /* SCSFREN.json */,
				0718621725F6825F00802276 /* FluroWithDisplayShutter.json */,
				0718621825F6825F00802276 /* SCSARAB.json */,
			);
			path = J;
			sourceTree = "<group>";
		};
		4A42610425A73C6B001E0B52 /* D2M */ = {
			isa = PBXGroup;
			children = (
				4AAE863B25C029BA00117D26 /* README.md */,
				4A42610525A73C6B001E0B52 /* main.m */,
			);
			path = D2M;
			sourceTree = "<group>";
		};
		4A434CB825B996A200065B64 /* D */ = {
			isa = PBXGroup;
			children = (
				4AD86139265EEECC002E4D3A /* CT1.ele.dcm */,
				4AD8613D265EEECC002E4D3A /* CT1.j2ki.dcm */,
				4AD8612E265EEECC002E4D3A /* CT1.j2kr.dcm */,
				4AD86159265EEECD002E4D3A /* CT2.ele.dcm */,
				4AD86132265EEECC002E4D3A /* CT2.j2ki.dcm */,
				4AD8613B265EEECC002E4D3A /* CT2.j2kr.dcm */,
				4AD86165265EEECD002E4D3A /* MG1.ele.dcm */,
				4AD86133265EEECC002E4D3A /* MG1.j2ki.dcm */,
				4AD86124265EEECC002E4D3A /* MG1.j2kr.dcm */,
				4AD86123265EEECC002E4D3A /* MR1.ele.dcm */,
				4AD8612D265EEECC002E4D3A /* MR1.j2ki.dcm */,
				4AD8615A265EEECD002E4D3A /* MR1.j2kr.dcm */,
				4AD8615B265EEECD002E4D3A /* MR2.ele.dcm */,
				4AD86125265EEECC002E4D3A /* MR2.j2ki.dcm */,
				4AD86143265EEECC002E4D3A /* MR2.j2kr.dcm */,
				4AD8612A265EEECC002E4D3A /* MR3.ele.dcm */,
				4AD86152265EEECD002E4D3A /* MR3.j2ki.dcm */,
				4AD86164265EEECD002E4D3A /* MR3.j2kr.dcm */,
				4AD8613A265EEECC002E4D3A /* MR4.ele.dcm */,
				4AD8614F265EEECD002E4D3A /* MR4.j2ki.dcm */,
				4AD86169265EEECD002E4D3A /* MR4.j2kr.dcm */,
				4AD8615E265EEECD002E4D3A /* NM1.ele.dcm */,
				4AD8614E265EEECD002E4D3A /* NM1.j2ki.dcm */,
				4AD86156265EEECD002E4D3A /* NM1.j2kr.dcm */,
				4AD86163265EEECD002E4D3A /* RF1.ele.dcm */,
				4AD86145265EEECD002E4D3A /* RF1.j2kr.dcm */,
				4AD86138265EEECC002E4D3A /* RG1.ele.dcm */,
				4AD86131265EEECC002E4D3A /* RG1.j2ki.dcm */,
				4AD8613E265EEECC002E4D3A /* RG1.j2kr.dcm */,
				4AD86141265EEECC002E4D3A /* RG2.ele.dcm */,
				4AD86150265EEECD002E4D3A /* RG2.j2ki.dcm */,
				4AD86166265EEECD002E4D3A /* RG2.j2kr.dcm */,
				4AD86167265EEECD002E4D3A /* RG3.ele.dcm */,
				4AD86137265EEECC002E4D3A /* RG3.j2ki.dcm */,
				4AD8612B265EEECC002E4D3A /* RG3.j2kr.dcm */,
				4AD8616A265EEECD002E4D3A /* SC1.ele.dcm */,
				4AD86160265EEECD002E4D3A /* SC1.j2ki.dcm */,
				4AD86135265EEECC002E4D3A /* SC1.j2kr.dcm */,
				4AD86136265EEECC002E4D3A /* SC2.arabic.ele.dcm */,
				4AD86142265EEECC002E4D3A /* SC2.french.ele.dcm */,
				4AD86146265EEECD002E4D3A /* SC2.german.ele.dcm */,
				4AD86144265EEECD002E4D3A /* SC2.greek.ele.dcm */,
				4AD86147265EEECD002E4D3A /* SC2.h31.ele.dcm */,
				4AD8613C265EEECC002E4D3A /* SC2.h32.ele.dcm */,
				4AD86134265EEECC002E4D3A /* SC2.hebrew.ele.dcm */,
				4AD86128265EEECC002E4D3A /* SC2.l2.ele.dcm */,
				4AD8615C265EEECD002E4D3A /* SC2.russian.ele.dcm */,
				4AD86127265EEECC002E4D3A /* SC2.x1.ele.dcm */,
				4AD86162265EEECD002E4D3A /* SC2.x2.ele.dcm */,
				4AD8615F265EEECD002E4D3A /* US1.ele.dcm */,
				4AD86148265EEECD002E4D3A /* US1.j2ki.dcm */,
				4AD8612C265EEECC002E4D3A /* US1.j2kr.dcm */,
				4AD86168265EEECD002E4D3A /* VL1.ele.dcm */,
				4AD86126265EEECC002E4D3A /* VL1.j2ki.dcm */,
				4AD86157265EEECD002E4D3A /* VL1.j2kr.dcm */,
				4AD86130265EEECC002E4D3A /* VL2.ele.dcm */,
				4AD86155265EEECD002E4D3A /* VL2.j2ki.dcm */,
				4AD86149265EEECD002E4D3A /* VL2.j2kr.dcm */,
				4AD86158265EEECD002E4D3A /* VL3.ele.dcm */,
				4AD8614A265EEECD002E4D3A /* VL3.j2ki.dcm */,
				4AD86151265EEECD002E4D3A /* VL3.j2kr.dcm */,
				4AD86161265EEECD002E4D3A /* VL4.ele.dcm */,
				4AD8613F265EEECC002E4D3A /* VL4.j2ki.dcm */,
				4AD8616B265EEECD002E4D3A /* VL4.j2kr.dcm */,
				4AD86153265EEECD002E4D3A /* VL5.ele.dcm */,
				4AD86154265EEECD002E4D3A /* VL5.j2ki.dcm */,
				4AD86140265EEECC002E4D3A /* VL5.j2kr.dcm */,
				4AD86129265EEECC002E4D3A /* VL6.ele.dcm */,
				4AD8614B265EEECD002E4D3A /* VL6.j2ki.dcm */,
				4AD8612F265EEECC002E4D3A /* VL6.j2kr.dcm */,
				4AD8614C265EEECD002E4D3A /* XA1.ele.dcm */,
				4AD8615D265EEECD002E4D3A /* XA1.j2ki.dcm */,
				4AD8614D265EEECD002E4D3A /* XA1.j2kr.dcm */,
			);
			path = D;
			sourceTree = "<group>";
		};
		4A5CC0392639D057003070E7 /* FluroWithDisplayShutterj2k.bulkdata */ = {
			isa = PBXGroup;
			children = (
				4A5CC03A2639D057003070E7 /* 00000001_7FE00010-OB#00000001.j2k */,
			);
			path = FluroWithDisplayShutterj2k.bulkdata;
			sourceTree = "<group>";
		};
		4A7B8569258002A100E62971 = {
			isa = PBXGroup;
			children = (
				4A44193425EE53CE0091495B /* README.md */,
				4A02600C25E62E1F005AA1A3 /* Samples */,
				4A025F3C25E5C455005AA1A3 /* DCKV */,
				4A025E6525E43D0D005AA1A3 /* D2J */,
				4ABF583625CEC1EB00EB725E /* J2D */,
				4A7B85D9258BC12800E62971 /* H2D */,
				4A42610425A73C6B001E0B52 /* D2M */,
				4AAE862B25C0253500117D26 /* M2 */,
				4A7B8573258002A100E62971 /* Products */,
			);
			sourceTree = "<group>";
		};
		4A7B8573258002A100E62971 /* Products */ = {
			isa = PBXGroup;
			children = (
				4A7B85D8258BC12800E62971 /* H2D */,
				4A7B85FA258CD7A700E62971 /* M2 */,
				4A42610325A73C6B001E0B52 /* D2M */,
				4AAE866A25C0C19600117D26 /* J2D */,
				4ABF586225DC043B00EB725E /* D2J */,
				4A025F3B25E5C455005AA1A3 /* DCKV.framework */,
			);
			name = Products;
			sourceTree = "<group>";
		};
		4A7B85D9258BC12800E62971 /* H2D */ = {
			isa = PBXGroup;
			children = (
				4AAE865D25C0ABBB00117D26 /* README.md */,
				4A7B85DA258BC12800E62971 /* main.m */,
			);
			path = H2D;
			sourceTree = "<group>";
		};
		4AAE862B25C0253500117D26 /* M2 */ = {
			isa = PBXGroup;
			children = (
				4AAE863A25C029A500117D26 /* README.md */,
				4AAE862C25C0253500117D26 /* main.m */,
			);
			path = M2;
			sourceTree = "<group>";
		};
		4AAE868A25C1905E00117D26 /* N */ = {
			isa = PBXGroup;
			children = (
				4ABDE91B25B1A8FE00C8D33F /* N.xsd */,
				4ABDE91C25B1A8FE00C8D33F /* N.rng */,
			);
			path = N;
			sourceTree = "<group>";
		};
		4ABDE91725B1A8FE00C8D33F /* M */ = {
			isa = PBXGroup;
			children = (
				4A02600B25E62D4F005AA1A3 /* xsd */,
				4ABE45B925C886C10072B84E /* xslt1 */,
				4A02600A25E62D25005AA1A3 /* xslt3 */,
				4ABDE91825B1A8FE00C8D33F /* M.xml */,
				4AAE863D25C029DC00117D26 /* README.md */,
			);
			path = M;
			sourceTree = "<group>";
		};
		4ABE45B925C886C10072B84E /* xslt1 */ = {
			isa = PBXGroup;
			children = (
				4ABDE91E25B1A8FE00C8D33F /* M1N.xsl */,
				4ABDE92025B1A8FE00C8D33F /* N1M.xsl */,
			);
			path = xslt1;
			sourceTree = "<group>";
		};
		4ABF583625CEC1EB00EB725E /* J2D */ = {
			isa = PBXGroup;
			children = (
				4A5CC060263C28AE003070E7 /* README.md */,
				4A02602625E6778F005AA1A3 /* main.m */,
			);
			path = J2D;
			sourceTree = "<group>";
		};
/* End PBXGroup section */

/* Begin PBXHeadersBuildPhase section */
		4A025F3625E5C455005AA1A3 /* Headers */ = {
			isa = PBXHeadersBuildPhase;
			buildActionMask = 2147483647;
			files = (
				4A025F3F25E5C455005AA1A3 /* DCKV.h in Headers */,
				4A025F6625E60BE0005AA1A3 /* D2dict.h in Headers */,
				4A025F6725E60BE0005AA1A3 /* dict2D.h in Headers */,
				4A025F6525E60BE0005AA1A3 /* D2xml.h in Headers */,
				4AC7BE5A26694A2700C14265 /* NSData+MD5.h in Headers */,
				4A025F5C25E60BBA005AA1A3 /* DCMcharset.h in Headers */,
				4A95E3CE26063E9800224363 /* dckRangeVecs.h in Headers */,
				4A025F6325E60BE0005AA1A3 /* ODLog.h in Headers */,
				4A025F6425E60BE0005AA1A3 /* utils.h in Headers */,
				4A44192B25EC4A490091495B /* B64.h in Headers */,
			);
			runOnlyForDeploymentPostprocessing = 0;
		};
/* End PBXHeadersBuildPhase section */

/* Begin PBXNativeTarget section */
		4A025F3A25E5C455005AA1A3 /* DCKV */ = {
			isa = PBXNativeTarget;
			buildConfigurationList = 4A025F4025E5C455005AA1A3 /* Build configuration list for PBXNativeTarget "DCKV" */;
			buildPhases = (
				4A025F3625E5C455005AA1A3 /* Headers */,
				4A025F3725E5C455005AA1A3 /* Sources */,
				4A025F3825E5C455005AA1A3 /* Frameworks */,
				4A025F3925E5C455005AA1A3 /* Resources */,
				0718621525F645FE00802276 /* ShellScript */,
			);
			buildRules = (
			);
			dependencies = (
			);
			name = DCKV;
			productName = DCKV;
			productReference = 4A025F3B25E5C455005AA1A3 /* DCKV.framework */;
			productType = "com.apple.product-type.framework";
		};
		4A42610225A73C6B001E0B52 /* D2M */ = {
			isa = PBXNativeTarget;
			buildConfigurationList = 4A42610725A73C6B001E0B52 /* Build configuration list for PBXNativeTarget "D2M" */;
			buildPhases = (
				4A4260FF25A73C6B001E0B52 /* Sources */,
				4A42610025A73C6B001E0B52 /* Frameworks */,
				4A42610125A73C6B001E0B52 /* CopyFiles */,
			);
			buildRules = (
			);
			dependencies = (
			);
			name = D2M;
			productName = D2X;
			productReference = 4A42610325A73C6B001E0B52 /* D2M */;
			productType = "com.apple.product-type.tool";
		};
		4A7B85D7258BC12800E62971 /* H2D */ = {
			isa = PBXNativeTarget;
			buildConfigurationList = 4A7B85DC258BC12800E62971 /* Build configuration list for PBXNativeTarget "H2D" */;
			buildPhases = (
				4A7B85D4258BC12800E62971 /* Sources */,
				4A7B85D5258BC12800E62971 /* Frameworks */,
				4A7B85D6258BC12800E62971 /* CopyFiles */,
			);
			buildRules = (
			);
			dependencies = (
			);
			name = H2D;
			productName = H2X;
			productReference = 4A7B85D8258BC12800E62971 /* H2D */;
			productType = "com.apple.product-type.tool";
		};
		4A7B85F9258CD7A700E62971 /* M2 */ = {
			isa = PBXNativeTarget;
			buildConfigurationList = 4A7B85FE258CD7A700E62971 /* Build configuration list for PBXNativeTarget "M2" */;
			buildPhases = (
				4A7B85F6258CD7A700E62971 /* Sources */,
				4A7B85F7258CD7A700E62971 /* Frameworks */,
				4A7B85F8258CD7A700E62971 /* CopyFiles */,
			);
			buildRules = (
			);
			dependencies = (
			);
			name = M2;
			productName = X2X;
			productReference = 4A7B85FA258CD7A700E62971 /* M2 */;
			productType = "com.apple.product-type.tool";
		};
		4AAE866925C0C19600117D26 /* J2D */ = {
			isa = PBXNativeTarget;
			buildConfigurationList = 4AAE866E25C0C19600117D26 /* Build configuration list for PBXNativeTarget "J2D" */;
			buildPhases = (
				4AAE866625C0C19600117D26 /* Sources */,
				4AAE866725C0C19600117D26 /* Frameworks */,
			);
			buildRules = (
			);
			dependencies = (
			);
			name = J2D;
			productName = B2M;
			productReference = 4AAE866A25C0C19600117D26 /* J2D */;
			productType = "com.apple.product-type.tool";
		};
		4ABF586125DC043B00EB725E /* D2J */ = {
			isa = PBXNativeTarget;
			buildConfigurationList = 4ABF586825DC043B00EB725E /* Build configuration list for PBXNativeTarget "D2J" */;
			buildPhases = (
				4ABF585E25DC043B00EB725E /* Sources */,
				4ABF585F25DC043B00EB725E /* Frameworks */,
			);
			buildRules = (
			);
			dependencies = (
				4A5CC01C262B03F0003070E7 /* PBXTargetDependency */,
			);
			name = D2J;
			productName = D2J;
			productReference = 4ABF586225DC043B00EB725E /* D2J */;
			productType = "com.apple.product-type.tool";
		};
/* End PBXNativeTarget section */

/* Begin PBXProject section */
		4A7B856A258002A100E62971 /* Project object */ = {
			isa = PBXProject;
			attributes = {
				LastUpgradeCheck = 1220;
				TargetAttributes = {
					4A025F3A25E5C455005AA1A3 = {
						CreatedOnToolsVersion = 12.3;
					};
					4A42610225A73C6B001E0B52 = {
						CreatedOnToolsVersion = 12.3;
					};
					4A7B85D7258BC12800E62971 = {
						CreatedOnToolsVersion = 12.2;
					};
					4A7B85F9258CD7A700E62971 = {
						CreatedOnToolsVersion = 12.2;
					};
					4AAE866925C0C19600117D26 = {
						CreatedOnToolsVersion = 12.3;
					};
					4ABF586125DC043B00EB725E = {
						CreatedOnToolsVersion = 12.3;
					};
				};
			};
			buildConfigurationList = 4A7B856D258002A100E62971 /* Build configuration list for PBXProject "converters" */;
			compatibilityVersion = "Xcode 9.3";
			developmentRegion = en;
			hasScannedForEncodings = 0;
			knownRegions = (
				en,
				Base,
			);
			mainGroup = 4A7B8569258002A100E62971;
			productRefGroup = 4A7B8573258002A100E62971 /* Products */;
			projectDirPath = "";
			projectRoot = "";
			targets = (
				4A025F3A25E5C455005AA1A3 /* DCKV */,
				4A7B85D7258BC12800E62971 /* H2D */,
				4A42610225A73C6B001E0B52 /* D2M */,
				4A7B85F9258CD7A700E62971 /* M2 */,
				4ABF586125DC043B00EB725E /* D2J */,
				4AAE866925C0C19600117D26 /* J2D */,
			);
		};
/* End PBXProject section */

/* Begin PBXResourcesBuildPhase section */
		4A025F3925E5C455005AA1A3 /* Resources */ = {
			isa = PBXResourcesBuildPhase;
			buildActionMask = 2147483647;
			files = (
				4AD861B2265EEECE002E4D3A /* MR4.j2kr.dcm in Resources */,
				4AD8618B265EEECE002E4D3A /* SC2.french.ele.dcm in Resources */,
				4AD8618F265EEECE002E4D3A /* SC2.german.ele.dcm in Resources */,
				4AD86188265EEECE002E4D3A /* VL4.j2ki.dcm in Resources */,
				4AD86193265EEECE002E4D3A /* VL3.j2ki.dcm in Resources */,
				4AD86179265EEECE002E4D3A /* VL2.ele.dcm in Resources */,
				4AD861A5265EEECE002E4D3A /* SC2.russian.ele.dcm in Resources */,
				4AD86197265EEECE002E4D3A /* NM1.j2ki.dcm in Resources */,
				4AD861AA265EEECE002E4D3A /* VL4.ele.dcm in Resources */,
				4AD8618D265EEECE002E4D3A /* SC2.greek.ele.dcm in Resources */,
				4AD86192265EEECE002E4D3A /* VL2.j2kr.dcm in Resources */,
				4AD8617C265EEECE002E4D3A /* MG1.j2ki.dcm in Resources */,
				4AD861A1265EEECE002E4D3A /* VL3.ele.dcm in Resources */,
				4AD861B4265EEECE002E4D3A /* VL4.j2kr.dcm in Resources */,
				4AD861A4265EEECE002E4D3A /* MR2.ele.dcm in Resources */,
				4AD8616F265EEECE002E4D3A /* VL1.j2ki.dcm in Resources */,
				4AD8619D265EEECE002E4D3A /* VL5.j2ki.dcm in Resources */,
				4AD861A8265EEECE002E4D3A /* US1.ele.dcm in Resources */,
				4AD861A6265EEECE002E4D3A /* XA1.j2ki.dcm in Resources */,
				4A5CC0592639D3E7003070E7 /* 00000001_7FE00010-OB#00000001.j2k in Resources */,
				4AD86183265EEECE002E4D3A /* MR4.ele.dcm in Resources */,
				4AD8616D265EEECE002E4D3A /* MG1.j2kr.dcm in Resources */,
				4AD86170265EEECE002E4D3A /* SC2.x1.ele.dcm in Resources */,
				4A5CC0442639D341003070E7 /* FluroWithDisplayShutterj2k.json in Resources */,
				4AD8617B265EEECE002E4D3A /* CT2.j2ki.dcm in Resources */,
				4AD861B3265EEECE002E4D3A /* SC1.ele.dcm in Resources */,
				4AD861A9265EEECE002E4D3A /* SC1.j2ki.dcm in Resources */,
				4AD8619B265EEECE002E4D3A /* MR3.j2ki.dcm in Resources */,
				4AD86172265EEECE002E4D3A /* VL6.ele.dcm in Resources */,
				4AD86184265EEECE002E4D3A /* CT2.j2kr.dcm in Resources */,
				4A5CC04B2639D349003070E7 /* FluroWithDisplayShutterj2kinline.json in Resources */,
				4AD86180265EEECE002E4D3A /* RG3.j2ki.dcm in Resources */,
				4AD8616C265EEECE002E4D3A /* MR1.ele.dcm in Resources */,
				4A5CC0522639D353003070E7 /* FluroWithDisplayShutterj2ksource.json in Resources */,
				4AE7CEAA25E7CBE0004942E3 /* dicomattrs.hex in Resources */,
				0718621925F6826800802276 /* FluroWithDisplayShutter.json in Resources */,
				4AD86190265EEECE002E4D3A /* SC2.h31.ele.dcm in Resources */,
				0718621A25F6826B00802276 /* SCSARAB.json in Resources */,
				4AD86176265EEECE002E4D3A /* MR1.j2ki.dcm in Resources */,
				4AC7BE63266A724A00C14265 /* DCKV.md in Resources */,
				0718621C25F684AC00802276 /* SCSFREN.json in Resources */,
				4AD8617F265EEECE002E4D3A /* SC2.arabic.ele.dcm in Resources */,
				4AD861AE265EEECE002E4D3A /* MG1.ele.dcm in Resources */,
				4AD8619C265EEECE002E4D3A /* VL5.ele.dcm in Resources */,
				4AD861AF265EEECE002E4D3A /* RG2.j2kr.dcm in Resources */,
				4AD8619E265EEECE002E4D3A /* VL2.j2ki.dcm in Resources */,
				4AD8619F265EEECE002E4D3A /* NM1.j2kr.dcm in Resources */,
				4AE7CEB725E7CBE0004942E3 /* M.xsd in Resources */,
				4AD86195265EEECE002E4D3A /* XA1.ele.dcm in Resources */,
				4AD86181265EEECE002E4D3A /* RG1.ele.dcm in Resources */,
				4AD8617D265EEECE002E4D3A /* SC2.hebrew.ele.dcm in Resources */,
				4AE7CEB825E7CBE0004942E3 /* M1N.xsl in Resources */,
				4AD86189265EEECE002E4D3A /* VL5.j2kr.dcm in Resources */,
				4AD86198265EEECE002E4D3A /* MR4.j2ki.dcm in Resources */,
				4AD86175265EEECE002E4D3A /* US1.j2kr.dcm in Resources */,
				4AD861A0265EEECE002E4D3A /* VL1.j2kr.dcm in Resources */,
				4AD861A7265EEECE002E4D3A /* NM1.ele.dcm in Resources */,
				4AD8618A265EEECE002E4D3A /* RG2.ele.dcm in Resources */,
				4AD861AD265EEECE002E4D3A /* MR3.j2kr.dcm in Resources */,
				4AD861AC265EEECE002E4D3A /* RF1.ele.dcm in Resources */,
				4AD861A3265EEECE002E4D3A /* MR1.j2kr.dcm in Resources */,
				4AD86174265EEECE002E4D3A /* RG3.j2kr.dcm in Resources */,
				4AD86177265EEECE002E4D3A /* CT1.j2kr.dcm in Resources */,
				4AD8618C265EEECE002E4D3A /* MR2.j2kr.dcm in Resources */,
				4AD86196265EEECE002E4D3A /* XA1.j2kr.dcm in Resources */,
				4AD86186265EEECE002E4D3A /* CT1.j2ki.dcm in Resources */,
				4AD86173265EEECE002E4D3A /* MR3.ele.dcm in Resources */,
				4AE7CEB925E7CBE0004942E3 /* N1M.xsl in Resources */,
				4AD86171265EEECE002E4D3A /* SC2.l2.ele.dcm in Resources */,
				4AD8616E265EEECE002E4D3A /* MR2.j2ki.dcm in Resources */,
				4AD86187265EEECE002E4D3A /* RG1.j2kr.dcm in Resources */,
				4AD86194265EEECE002E4D3A /* VL6.j2ki.dcm in Resources */,
				4AE7CEBA25E7CBE0004942E3 /* M3J.xsl in Resources */,
				4AD8619A265EEECE002E4D3A /* VL3.j2kr.dcm in Resources */,
				4AD861AB265EEECE002E4D3A /* SC2.x2.ele.dcm in Resources */,
				4AD861A2265EEECE002E4D3A /* CT2.ele.dcm in Resources */,
				4AD86191265EEECE002E4D3A /* US1.j2ki.dcm in Resources */,
				4AD861B1265EEECE002E4D3A /* VL1.ele.dcm in Resources */,
				4AD861B0265EEECE002E4D3A /* RG3.ele.dcm in Resources */,
				4AD8617E265EEECE002E4D3A /* SC1.j2kr.dcm in Resources */,
				4AE7CEBB25E7CBE0004942E3 /* N.xsd in Resources */,
				4AD86185265EEECE002E4D3A /* SC2.h32.ele.dcm in Resources */,
				4AD86182265EEECE002E4D3A /* CT1.ele.dcm in Resources */,
				4AD86199265EEECE002E4D3A /* RG2.j2ki.dcm in Resources */,
				4AD8617A265EEECE002E4D3A /* RG1.j2ki.dcm in Resources */,
				4AD8618E265EEECE002E4D3A /* RF1.j2kr.dcm in Resources */,
				4AD86178265EEECE002E4D3A /* VL6.j2kr.dcm in Resources */,
			);
			runOnlyForDeploymentPostprocessing = 0;
		};
/* End PBXResourcesBuildPhase section */

/* Begin PBXShellScriptBuildPhase section */
		0718621525F645FE00802276 /* ShellScript */ = {
			isa = PBXShellScriptBuildPhase;
			buildActionMask = 2147483647;
			files = (
			);
			inputPaths = (
			);
			outputPaths = (
			);
			runOnlyForDeploymentPostprocessing = 0;
			shellPath = "/bin/sh ";
			shellScript = "if [ ! -d ~/Library/Frameworks ]; then\n   mkdir ~/Library/Frameworks;\nfi\nrm -rf ~/Library/Frameworks/DCKV.framework\ncp -R $BUILD_ROOT/Debug/DCKV.framework ~/Library/Frameworks/DCKV.framework\n";
		};
/* End PBXShellScriptBuildPhase section */

/* Begin PBXSourcesBuildPhase section */
		4A025F3725E5C455005AA1A3 /* Sources */ = {
			isa = PBXSourcesBuildPhase;
			buildActionMask = 2147483647;
			files = (
				4A025F8625E60CCA005AA1A3 /* DCMcharset.m in Sources */,
				4A025FC425E625ED005AA1A3 /* NSData+DCMmarkers.m in Sources */,
				4A95E3CF26063E9800224363 /* dckRangeVecs.m in Sources */,
				4A025F8725E60CCA005AA1A3 /* ODLog.m in Sources */,
				4A025F8825E60CCA005AA1A3 /* utils.m in Sources */,
				4A44192A25EC4A490091495B /* B64.m in Sources */,
				4A025F8A25E60CCA005AA1A3 /* D2dict.m in Sources */,
				4A025F8B25E60CCA005AA1A3 /* dict2D.m in Sources */,
				4A025F8925E60CCA005AA1A3 /* D2xml.m in Sources */,
				4AC7BE5B26694A2700C14265 /* NSData+MD5.m in Sources */,
			);
			runOnlyForDeploymentPostprocessing = 0;
		};
		4A4260FF25A73C6B001E0B52 /* Sources */ = {
			isa = PBXSourcesBuildPhase;
			buildActionMask = 2147483647;
			files = (
				4A42610625A73C6B001E0B52 /* main.m in Sources */,
			);
			runOnlyForDeploymentPostprocessing = 0;
		};
		4A7B85D4258BC12800E62971 /* Sources */ = {
			isa = PBXSourcesBuildPhase;
			buildActionMask = 2147483647;
			files = (
				4A7B85DB258BC12800E62971 /* main.m in Sources */,
			);
			runOnlyForDeploymentPostprocessing = 0;
		};
		4A7B85F6258CD7A700E62971 /* Sources */ = {
			isa = PBXSourcesBuildPhase;
			buildActionMask = 2147483647;
			files = (
				4AAE862D25C0253500117D26 /* main.m in Sources */,
			);
			runOnlyForDeploymentPostprocessing = 0;
		};
		4AAE866625C0C19600117D26 /* Sources */ = {
			isa = PBXSourcesBuildPhase;
			buildActionMask = 2147483647;
			files = (
				4A02602725E6778F005AA1A3 /* main.m in Sources */,
			);
			runOnlyForDeploymentPostprocessing = 0;
		};
		4ABF585E25DC043B00EB725E /* Sources */ = {
			isa = PBXSourcesBuildPhase;
			buildActionMask = 2147483647;
			files = (
				4A025E6825E43D0D005AA1A3 /* main.m in Sources */,
			);
			runOnlyForDeploymentPostprocessing = 0;
		};
/* End PBXSourcesBuildPhase section */

/* Begin PBXTargetDependency section */
		4A5CC01C262B03F0003070E7 /* PBXTargetDependency */ = {
			isa = PBXTargetDependency;
			target = 4A025F3A25E5C455005AA1A3 /* DCKV */;
			targetProxy = 4A5CC01B262B03F0003070E7 /* PBXContainerItemProxy */;
		};
/* End PBXTargetDependency section */

/* Begin XCBuildConfiguration section */
		4A025F4125E5C455005AA1A3 /* Debug */ = {
			isa = XCBuildConfiguration;
			buildSettings = {
				CODE_SIGN_STYLE = Automatic;
				COMBINE_HIDPI_IMAGES = YES;
				CURRENT_PROJECT_VERSION = 1;
				DEFINES_MODULE = YES;
				DEVELOPMENT_TEAM = "";
				DYLIB_COMPATIBILITY_VERSION = 1;
				DYLIB_CURRENT_VERSION = 1;
				DYLIB_INSTALL_NAME_BASE = "@rpath";
				INFOPLIST_FILE = DCKV/Info.plist;
				INSTALL_PATH = /Library/Frameworks;
				LD_RUNPATH_SEARCH_PATHS = (
					"$(inherited)",
					"@executable_path/../Frameworks",
					"@loader_path/Frameworks",
				);
				MACOSX_DEPLOYMENT_TARGET = 10.13;
				PRODUCT_BUNDLE_IDENTIFIER = com.opendicom.jacquesfauquex.DCKV;
				PRODUCT_NAME = "$(TARGET_NAME:c99extidentifier)";
				PROVISIONING_PROFILE_SPECIFIER = "";
				SKIP_INSTALL = NO;
				VERSIONING_SYSTEM = "apple-generic";
				VERSION_INFO_PREFIX = "";
			};
			name = Debug;
		};
		4A025F4225E5C455005AA1A3 /* Release */ = {
			isa = XCBuildConfiguration;
			buildSettings = {
				CODE_SIGN_STYLE = Automatic;
				COMBINE_HIDPI_IMAGES = YES;
				CURRENT_PROJECT_VERSION = 1;
				DEFINES_MODULE = YES;
				DEVELOPMENT_TEAM = "";
				DYLIB_COMPATIBILITY_VERSION = 1;
				DYLIB_CURRENT_VERSION = 1;
				DYLIB_INSTALL_NAME_BASE = "@rpath";
				INFOPLIST_FILE = DCKV/Info.plist;
				INSTALL_PATH = /Library/Frameworks;
				LD_RUNPATH_SEARCH_PATHS = (
					"$(inherited)",
					"@executable_path/../Frameworks",
					"@loader_path/Frameworks",
				);
				MACOSX_DEPLOYMENT_TARGET = 10.13;
				PRODUCT_BUNDLE_IDENTIFIER = com.opendicom.jacquesfauquex.DCKV;
				PRODUCT_NAME = "$(TARGET_NAME:c99extidentifier)";
				PROVISIONING_PROFILE_SPECIFIER = "";
				SKIP_INSTALL = NO;
				VERSIONING_SYSTEM = "apple-generic";
				VERSION_INFO_PREFIX = "";
			};
			name = Release;
		};
		4A42610825A73C6B001E0B52 /* Debug */ = {
			isa = XCBuildConfiguration;
			buildSettings = {
				CODE_SIGN_STYLE = Manual;
				DEVELOPMENT_TEAM = "";
				MACOSX_DEPLOYMENT_TARGET = 10.13;
				PRODUCT_NAME = "$(TARGET_NAME)";
				PROVISIONING_PROFILE_SPECIFIER = "";
			};
			name = Debug;
		};
		4A42610925A73C6B001E0B52 /* Release */ = {
			isa = XCBuildConfiguration;
			buildSettings = {
				CODE_SIGN_STYLE = Manual;
				DEVELOPMENT_TEAM = "";
				MACOSX_DEPLOYMENT_TARGET = 10.13;
				PRODUCT_NAME = "$(TARGET_NAME)";
				PROVISIONING_PROFILE_SPECIFIER = "";
			};
			name = Release;
		};
		4A7B8579258002A100E62971 /* Debug */ = {
			isa = XCBuildConfiguration;
			buildSettings = {
				ALWAYS_SEARCH_USER_PATHS = NO;
				CLANG_ANALYZER_NONNULL = YES;
				CLANG_ANALYZER_NUMBER_OBJECT_CONVERSION = YES_AGGRESSIVE;
				CLANG_CXX_LANGUAGE_STANDARD = "gnu++14";
				CLANG_CXX_LIBRARY = "libc++";
				CLANG_ENABLE_MODULES = YES;
				CLANG_ENABLE_OBJC_ARC = YES;
				CLANG_ENABLE_OBJC_WEAK = YES;
				CLANG_WARN_BLOCK_CAPTURE_AUTORELEASING = YES;
				CLANG_WARN_BOOL_CONVERSION = YES;
				CLANG_WARN_COMMA = YES;
				CLANG_WARN_CONSTANT_CONVERSION = YES;
				CLANG_WARN_DEPRECATED_OBJC_IMPLEMENTATIONS = YES;
				CLANG_WARN_DIRECT_OBJC_ISA_USAGE = YES_ERROR;
				CLANG_WARN_DOCUMENTATION_COMMENTS = YES;
				CLANG_WARN_EMPTY_BODY = YES;
				CLANG_WARN_ENUM_CONVERSION = YES;
				CLANG_WARN_INFINITE_RECURSION = YES;
				CLANG_WARN_INT_CONVERSION = YES;
				CLANG_WARN_NON_LITERAL_NULL_CONVERSION = YES;
				CLANG_WARN_OBJC_IMPLICIT_RETAIN_SELF = YES;
				CLANG_WARN_OBJC_LITERAL_CONVERSION = YES;
				CLANG_WARN_OBJC_ROOT_CLASS = YES_ERROR;
				CLANG_WARN_QUOTED_INCLUDE_IN_FRAMEWORK_HEADER = YES;
				CLANG_WARN_RANGE_LOOP_ANALYSIS = YES;
				CLANG_WARN_STRICT_PROTOTYPES = YES;
				CLANG_WARN_SUSPICIOUS_MOVE = YES;
				CLANG_WARN_UNGUARDED_AVAILABILITY = YES_AGGRESSIVE;
				CLANG_WARN_UNREACHABLE_CODE = YES;
				CLANG_WARN__DUPLICATE_METHOD_MATCH = YES;
				COPY_PHASE_STRIP = NO;
				DEBUG_INFORMATION_FORMAT = dwarf;
				ENABLE_STRICT_OBJC_MSGSEND = YES;
				ENABLE_TESTABILITY = YES;
				GCC_C_LANGUAGE_STANDARD = gnu11;
				GCC_DYNAMIC_NO_PIC = NO;
				GCC_NO_COMMON_BLOCKS = YES;
				GCC_OPTIMIZATION_LEVEL = 0;
				GCC_PREPROCESSOR_DEFINITIONS = (
					"DEBUG=1",
					"$(inherited)",
				);
				GCC_WARN_64_TO_32_BIT_CONVERSION = YES;
				GCC_WARN_ABOUT_RETURN_TYPE = YES_ERROR;
				GCC_WARN_UNDECLARED_SELECTOR = YES;
				GCC_WARN_UNINITIALIZED_AUTOS = YES_AGGRESSIVE;
				GCC_WARN_UNUSED_FUNCTION = YES;
				GCC_WARN_UNUSED_VARIABLE = YES;
				MACOSX_DEPLOYMENT_TARGET = 10.13;
				MTL_ENABLE_DEBUG_INFO = INCLUDE_SOURCE;
				MTL_FAST_MATH = YES;
				ONLY_ACTIVE_ARCH = YES;
				SDKROOT = macosx;
			};
			name = Debug;
		};
		4A7B857A258002A100E62971 /* Release */ = {
			isa = XCBuildConfiguration;
			buildSettings = {
				ALWAYS_SEARCH_USER_PATHS = NO;
				CLANG_ANALYZER_NONNULL = YES;
				CLANG_ANALYZER_NUMBER_OBJECT_CONVERSION = YES_AGGRESSIVE;
				CLANG_CXX_LANGUAGE_STANDARD = "gnu++14";
				CLANG_CXX_LIBRARY = "libc++";
				CLANG_ENABLE_MODULES = YES;
				CLANG_ENABLE_OBJC_ARC = YES;
				CLANG_ENABLE_OBJC_WEAK = YES;
				CLANG_WARN_BLOCK_CAPTURE_AUTORELEASING = YES;
				CLANG_WARN_BOOL_CONVERSION = YES;
				CLANG_WARN_COMMA = YES;
				CLANG_WARN_CONSTANT_CONVERSION = YES;
				CLANG_WARN_DEPRECATED_OBJC_IMPLEMENTATIONS = YES;
				CLANG_WARN_DIRECT_OBJC_ISA_USAGE = YES_ERROR;
				CLANG_WARN_DOCUMENTATION_COMMENTS = YES;
				CLANG_WARN_EMPTY_BODY = YES;
				CLANG_WARN_ENUM_CONVERSION = YES;
				CLANG_WARN_INFINITE_RECURSION = YES;
				CLANG_WARN_INT_CONVERSION = YES;
				CLANG_WARN_NON_LITERAL_NULL_CONVERSION = YES;
				CLANG_WARN_OBJC_IMPLICIT_RETAIN_SELF = YES;
				CLANG_WARN_OBJC_LITERAL_CONVERSION = YES;
				CLANG_WARN_OBJC_ROOT_CLASS = YES_ERROR;
				CLANG_WARN_QUOTED_INCLUDE_IN_FRAMEWORK_HEADER = YES;
				CLANG_WARN_RANGE_LOOP_ANALYSIS = YES;
				CLANG_WARN_STRICT_PROTOTYPES = YES;
				CLANG_WARN_SUSPICIOUS_MOVE = YES;
				CLANG_WARN_UNGUARDED_AVAILABILITY = YES_AGGRESSIVE;
				CLANG_WARN_UNREACHABLE_CODE = YES;
				CLANG_WARN__DUPLICATE_METHOD_MATCH = YES;
				COPY_PHASE_STRIP = NO;
				DEBUG_INFORMATION_FORMAT = "dwarf-with-dsym";
				ENABLE_NS_ASSERTIONS = NO;
				ENABLE_STRICT_OBJC_MSGSEND = YES;
				GCC_C_LANGUAGE_STANDARD = gnu11;
				GCC_NO_COMMON_BLOCKS = YES;
				GCC_WARN_64_TO_32_BIT_CONVERSION = YES;
				GCC_WARN_ABOUT_RETURN_TYPE = YES_ERROR;
				GCC_WARN_UNDECLARED_SELECTOR = YES;
				GCC_WARN_UNINITIALIZED_AUTOS = YES_AGGRESSIVE;
				GCC_WARN_UNUSED_FUNCTION = YES;
				GCC_WARN_UNUSED_VARIABLE = YES;
				MACOSX_DEPLOYMENT_TARGET = 10.13;
				MTL_ENABLE_DEBUG_INFO = NO;
				MTL_FAST_MATH = YES;
				SDKROOT = macosx;
			};
			name = Release;
		};
		4A7B85DD258BC12800E62971 /* Debug */ = {
			isa = XCBuildConfiguration;
			buildSettings = {
				CODE_SIGN_STYLE = Manual;
				DEVELOPMENT_TEAM = "";
				MACOSX_DEPLOYMENT_TARGET = 10.13;
				PRODUCT_NAME = "$(TARGET_NAME)";
				PROVISIONING_PROFILE_SPECIFIER = "";
			};
			name = Debug;
		};
		4A7B85DE258BC12800E62971 /* Release */ = {
			isa = XCBuildConfiguration;
			buildSettings = {
				CODE_SIGN_STYLE = Manual;
				DEVELOPMENT_TEAM = "";
				MACOSX_DEPLOYMENT_TARGET = 10.13;
				PRODUCT_NAME = "$(TARGET_NAME)";
				PROVISIONING_PROFILE_SPECIFIER = "";
			};
			name = Release;
		};
		4A7B85FF258CD7A700E62971 /* Debug */ = {
			isa = XCBuildConfiguration;
			buildSettings = {
				CODE_SIGN_STYLE = Manual;
				DEVELOPMENT_TEAM = "";
				MACOSX_DEPLOYMENT_TARGET = 10.13;
				PRODUCT_NAME = "$(TARGET_NAME)";
				PROVISIONING_PROFILE_SPECIFIER = "";
			};
			name = Debug;
		};
		4A7B8600258CD7A700E62971 /* Release */ = {
			isa = XCBuildConfiguration;
			buildSettings = {
				CODE_SIGN_STYLE = Manual;
				DEVELOPMENT_TEAM = "";
				MACOSX_DEPLOYMENT_TARGET = 10.13;
				PRODUCT_NAME = "$(TARGET_NAME)";
				PROVISIONING_PROFILE_SPECIFIER = "";
			};
			name = Release;
		};
		4AAE866F25C0C19600117D26 /* Debug */ = {
			isa = XCBuildConfiguration;
			buildSettings = {
				CODE_SIGN_STYLE = Automatic;
				MACOSX_DEPLOYMENT_TARGET = 10.13;
				PRODUCT_NAME = "$(TARGET_NAME)";
			};
			name = Debug;
		};
		4AAE867025C0C19600117D26 /* Release */ = {
			isa = XCBuildConfiguration;
			buildSettings = {
				CODE_SIGN_STYLE = Automatic;
				MACOSX_DEPLOYMENT_TARGET = 10.13;
				PRODUCT_NAME = "$(TARGET_NAME)";
			};
			name = Release;
		};
		4ABF586625DC043B00EB725E /* Debug */ = {
			isa = XCBuildConfiguration;
			buildSettings = {
				CODE_SIGN_IDENTITY = "-";
				CODE_SIGN_STYLE = Automatic;
				DEVELOPMENT_TEAM = "";
				MACOSX_DEPLOYMENT_TARGET = 10.13;
				PRODUCT_NAME = "$(TARGET_NAME)";
				PROVISIONING_PROFILE_SPECIFIER = "";
			};
			name = Debug;
		};
		4ABF586725DC043B00EB725E /* Release */ = {
			isa = XCBuildConfiguration;
			buildSettings = {
				CODE_SIGN_IDENTITY = "-";
				CODE_SIGN_STYLE = Automatic;
				DEVELOPMENT_TEAM = "";
				MACOSX_DEPLOYMENT_TARGET = 10.13;
				PRODUCT_NAME = "$(TARGET_NAME)";
				PROVISIONING_PROFILE_SPECIFIER = "";
			};
			name = Release;
		};
/* End XCBuildConfiguration section */

/* Begin XCConfigurationList section */
		4A025F4025E5C455005AA1A3 /* Build configuration list for PBXNativeTarget "DCKV" */ = {
			isa = XCConfigurationList;
			buildConfigurations = (
				4A025F4125E5C455005AA1A3 /* Debug */,
				4A025F4225E5C455005AA1A3 /* Release */,
			);
			defaultConfigurationIsVisible = 0;
			defaultConfigurationName = Release;
		};
		4A42610725A73C6B001E0B52 /* Build configuration list for PBXNativeTarget "D2M" */ = {
			isa = XCConfigurationList;
			buildConfigurations = (
				4A42610825A73C6B001E0B52 /* Debug */,
				4A42610925A73C6B001E0B52 /* Release */,
			);
			defaultConfigurationIsVisible = 0;
			defaultConfigurationName = Release;
		};
		4A7B856D258002A100E62971 /* Build configuration list for PBXProject "converters" */ = {
			isa = XCConfigurationList;
			buildConfigurations = (
				4A7B8579258002A100E62971 /* Debug */,
				4A7B857A258002A100E62971 /* Release */,
			);
			defaultConfigurationIsVisible = 0;
			defaultConfigurationName = Release;
		};
		4A7B85DC258BC12800E62971 /* Build configuration list for PBXNativeTarget "H2D" */ = {
			isa = XCConfigurationList;
			buildConfigurations = (
				4A7B85DD258BC12800E62971 /* Debug */,
				4A7B85DE258BC12800E62971 /* Release */,
			);
			defaultConfigurationIsVisible = 0;
			defaultConfigurationName = Release;
		};
		4A7B85FE258CD7A700E62971 /* Build configuration list for PBXNativeTarget "M2" */ = {
			isa = XCConfigurationList;
			buildConfigurations = (
				4A7B85FF258CD7A700E62971 /* Debug */,
				4A7B8600258CD7A700E62971 /* Release */,
			);
			defaultConfigurationIsVisible = 0;
			defaultConfigurationName = Release;
		};
		4AAE866E25C0C19600117D26 /* Build configuration list for PBXNativeTarget "J2D" */ = {
			isa = XCConfigurationList;
			buildConfigurations = (
				4AAE866F25C0C19600117D26 /* Debug */,
				4AAE867025C0C19600117D26 /* Release */,
			);
			defaultConfigurationIsVisible = 0;
			defaultConfigurationName = Release;
		};
		4ABF586825DC043B00EB725E /* Build configuration list for PBXNativeTarget "D2J" */ = {
			isa = XCConfigurationList;
			buildConfigurations = (
				4ABF586625DC043B00EB725E /* Debug */,
				4ABF586725DC043B00EB725E /* Release */,
			);
			defaultConfigurationIsVisible = 0;
			defaultConfigurationName = Release;
		};
/* End XCConfigurationList section */
	};
	rootObject = 4A7B856A258002A100E62971 /* Project object */;
}
